PODS:
  - Alamofire (4.6.0)
  - AlamofireImage (3.3.0):
    - Alamofire (~> 4.5)
  - Bolts (1.8.4):
    - Bolts/AppLinks (= 1.8.4)
    - Bolts/Tasks (= 1.8.4)
  - Bolts/AppLinks (1.8.4):
    - Bolts/Tasks
  - Bolts/Tasks (1.8.4)
  - CocoaLumberjack (3.3.0):
    - CocoaLumberjack/Default (= 3.3.0)
    - CocoaLumberjack/Extensions (= 3.3.0)
  - CocoaLumberjack/Default (3.3.0)
  - CocoaLumberjack/Extensions (3.3.0):
    - CocoaLumberjack/Default
  - Crashlytics (3.9.3):
    - Fabric (~> 1.7.2)
  - CWStatusBarNotification (2.3.5)
  - DFCache (4.0.1)
  - Fabric (1.7.2)
  - FacebookCore (0.3.0):
    - Bolts (~> 1.8)
    - FBSDKCoreKit (~> 4.27)
  - FacebookLogin (0.3.0):
    - Bolts (~> 1.8)
    - FacebookCore (~> 0.3)
    - FBSDKCoreKit (~> 4.27)
    - FBSDKLoginKit (~> 4.27)
  - FacebookShare (0.3.0):
    - Bolts (~> 1.8)
    - FacebookCore (~> 0.3)
    - FBSDKCoreKit (~> 4.27)
    - FBSDKShareKit (~> 4.27)
  - FBSDKCoreKit (4.29.0):
    - Bolts (~> 1.7)
  - FBSDKLoginKit (4.29.0):
    - FBSDKCoreKit
  - FBSDKShareKit (4.29.0):
    - FBSDKCoreKit
  - Nuke (5.2)
  - SVGKit (2.0.1):
    - CocoaLumberjack (~> 3.x)
  - SwiftKeychainWrapper (3.0.1)
  - SwiftyJSON (4.0.0)

DEPENDENCIES:
  - Alamofire (~> 4.0)
  - AlamofireImage
  - CocoaLumberjack
  - Crashlytics
  - CWStatusBarNotification (~> 2.3.5)
  - DFCache (~> 4.0.1)
  - Fabric
  - FacebookCore
  - FacebookLogin
  - FacebookShare
  - Nuke (~> 5.1)
  - SVGKit (from `https://github.com/SVGKit/SVGKit.git`, branch `2.x`)
  - SwiftKeychainWrapper
  - SwiftyJSON

EXTERNAL SOURCES:
  SVGKit:
    :branch: 2.x
    :git: https://github.com/SVGKit/SVGKit.git

CHECKOUT OPTIONS:
  SVGKit:
    :commit: 51b6f534b09236acfe04d520336a05a1096e67ae
    :git: https://github.com/SVGKit/SVGKit.git

SPEC CHECKSUMS:
  Alamofire: f41a599bd63041760b26d393ec1069d9d7b917f4
  AlamofireImage: 2e784dc5d00f04903a52c1d169181469c805c3df
  Bolts: 8a7995239dbe724f9cba2248b766d48b7ebdd322
  CocoaLumberjack: 3c8c74683302f9012bb168e1c4b7ae3c0b558431
  Crashlytics: dbb07d01876c171c5ccbdf7826410380189e452c
  CWStatusBarNotification: 3d2738b25c3207f60cc50201388d3c96182545ff
  DFCache: db3bc28ceaa6f8838b1183607cb37924e488f070
  Fabric: 9cd6a848efcf1b8b07497e0b6a2e7d336353ba15
  FacebookCore: 3ffa190a3f1f96cec0e44d3fc221bc322c595ffa
  FacebookLogin: 0af839ea858faef99550d16596b87b4a8e8906e6
  FacebookShare: 0469964297ebd75f052be2c5083389a4208e82b7
  FBSDKCoreKit: 6f139173dc63a1deaff4430a55f2fe5bb222d2af
  FBSDKLoginKit: 56a057ca6822535ea0faa25f57a7c41edb697fd4
  FBSDKShareKit: 18a2cd118aef11dd657fe7e8b64bae5c719088b2
  Nuke: 5f420c4637415f979c83afb35e73176dd03232d9
  SVGKit: 4055d9e809b5db8633755979cfb3b02dc5a8c20d
  SwiftKeychainWrapper: 38952a3636320ae61bad3513cadd870929de7a4a
  SwiftyJSON: 070dabdcb1beb81b247c65ffa3a79dbbfb3b48aa

PODFILE CHECKSUM: 114dff8d15b34d926f90332b310a82d906d365e0

COCOAPODS: 1.3.1
