// !$*UTF8*$!
{
	archiveVersion = 1;
	classes = {
	};
	objectVersion = 46;
	objects = {

/* Begin PBXBuildFile section */
		615665401DE322D70050AE5A /* AppDelegate.swift in Sources */ = {isa = PBXBuildFile; fileRef = 6156653F1DE322D70050AE5A /* AppDelegate.swift */; };
		615665471DE322D70050AE5A /* Main.storyboard in Resources */ = {isa = PBXBuildFile; fileRef = 615665451DE322D70050AE5A /* Main.storyboard */; };
		615665491DE322D70050AE5A /* Assets.xcassets in Resources */ = {isa = PBXBuildFile; fileRef = 615665481DE322D70050AE5A /* Assets.xcassets */; };
		6156654C1DE322D70050AE5A /* LaunchScreen.storyboard in Resources */ = {isa = PBXBuildFile; fileRef = 6156654A1DE322D70050AE5A /* LaunchScreen.storyboard */; };
		615665571DE322D70050AE5A /* TraverTests.swift in Sources */ = {isa = PBXBuildFile; fileRef = 615665561DE322D70050AE5A /* TraverTests.swift */; };
		615665621DE322D70050AE5A /* TraverUITests.swift in Sources */ = {isa = PBXBuildFile; fileRef = 615665611DE322D70050AE5A /* TraverUITests.swift */; };
		615665771DE3232E0050AE5A /* CoreText.framework in Frameworks */ = {isa = PBXBuildFile; fileRef = 615665761DE3232E0050AE5A /* CoreText.framework */; };
		615665791DE323320050AE5A /* CoreImage.framework in Frameworks */ = {isa = PBXBuildFile; fileRef = 615665781DE323320050AE5A /* CoreImage.framework */; };
		6156657B1DE323470050AE5A /* libxml2.tbd in Frameworks */ = {isa = PBXBuildFile; fileRef = 6156657A1DE323470050AE5A /* libxml2.tbd */; };
		6156657D1DE3234F0050AE5A /* QuartzCore.framework in Frameworks */ = {isa = PBXBuildFile; fileRef = 6156657C1DE3234F0050AE5A /* QuartzCore.framework */; };
		6156657F1DE323530050AE5A /* CoreGraphics.framework in Frameworks */ = {isa = PBXBuildFile; fileRef = 6156657E1DE323530050AE5A /* CoreGraphics.framework */; };
		615665861DE3846B0050AE5A /* ProfileViewController.swift in Sources */ = {isa = PBXBuildFile; fileRef = 615665851DE3846A0050AE5A /* ProfileViewController.swift */; };
		615665881DE384830050AE5A /* RecommendationsViewController.swift in Sources */ = {isa = PBXBuildFile; fileRef = 615665871DE384830050AE5A /* RecommendationsViewController.swift */; };
		6156658A1DE384920050AE5A /* SettingsViewController.swift in Sources */ = {isa = PBXBuildFile; fileRef = 615665891DE384920050AE5A /* SettingsViewController.swift */; };
		615BAD161DE3A05D00D1478D /* WorldMap.svg in Resources */ = {isa = PBXBuildFile; fileRef = 615BAD151DE3A05D00D1478D /* WorldMap.svg */; };
		615BAD5C1DE4C13000D1478D /* Countries.swift in Sources */ = {isa = PBXBuildFile; fileRef = 615BAD5B1DE4C13000D1478D /* Countries.swift */; };
		615BAD5F1DE4CF9500D1478D /* User.swift in Sources */ = {isa = PBXBuildFile; fileRef = 615BAD5E1DE4CF9500D1478D /* User.swift */; };
		615BAD611DE4D40E00D1478D /* CountryItemCell.swift in Sources */ = {isa = PBXBuildFile; fileRef = 615BAD601DE4D40E00D1478D /* CountryItemCell.swift */; };
		61BFD8DB1DE4FB1900F49F6B /* CocoaLumberjack.framework in Frameworks */ = {isa = PBXBuildFile; fileRef = 61BFD8DA1DE4FB1900F49F6B /* CocoaLumberjack.framework */; };
		61BFD8DC1DE4FB2200F49F6B /* CocoaLumberjack.framework in Embed Frameworks */ = {isa = PBXBuildFile; fileRef = 61BFD8DA1DE4FB1900F49F6B /* CocoaLumberjack.framework */; settings = {ATTRIBUTES = (CodeSignOnCopy, RemoveHeadersOnCopy, ); }; };
		61BFD9681DE5A2CF00F49F6B /* UIKit.framework in Frameworks */ = {isa = PBXBuildFile; fileRef = 61BFD9671DE5A2CF00F49F6B /* UIKit.framework */; };
		61BFDA781DE5A77000F49F6B /* libSVGKit-iOS.2.0.0.a in Frameworks */ = {isa = PBXBuildFile; fileRef = 61BFDA771DE5A77000F49F6B /* libSVGKit-iOS.2.0.0.a */; };
/* End PBXBuildFile section */

/* Begin PBXContainerItemProxy section */
		615665531DE322D70050AE5A /* PBXContainerItemProxy */ = {
			isa = PBXContainerItemProxy;
			containerPortal = 615665341DE322D60050AE5A /* Project object */;
			proxyType = 1;
			remoteGlobalIDString = 6156653B1DE322D60050AE5A;
			remoteInfo = Traver;
		};
		6156655E1DE322D70050AE5A /* PBXContainerItemProxy */ = {
			isa = PBXContainerItemProxy;
			containerPortal = 615665341DE322D60050AE5A /* Project object */;
			proxyType = 1;
			remoteGlobalIDString = 6156653B1DE322D60050AE5A;
			remoteInfo = Traver;
		};
/* End PBXContainerItemProxy section */

/* Begin PBXCopyFilesBuildPhase section */
		615665841DE323680050AE5A /* Embed Frameworks */ = {
			isa = PBXCopyFilesBuildPhase;
			buildActionMask = 2147483647;
			dstPath = "";
			dstSubfolderSpec = 10;
			files = (
				61BFD8DC1DE4FB2200F49F6B /* CocoaLumberjack.framework in Embed Frameworks */,
			);
			name = "Embed Frameworks";
			runOnlyForDeploymentPostprocessing = 0;
		};
/* End PBXCopyFilesBuildPhase section */

/* Begin PBXFileReference section */
		6156653C1DE322D60050AE5A /* Traver.app */ = {isa = PBXFileReference; explicitFileType = wrapper.application; includeInIndex = 0; path = Traver.app; sourceTree = BUILT_PRODUCTS_DIR; };
		6156653F1DE322D70050AE5A /* AppDelegate.swift */ = {isa = PBXFileReference; lastKnownFileType = sourcecode.swift; path = AppDelegate.swift; sourceTree = "<group>"; };
		615665461DE322D70050AE5A /* Base */ = {isa = PBXFileReference; lastKnownFileType = file.storyboard; name = Base; path = Base.lproj/Main.storyboard; sourceTree = "<group>"; };
		615665481DE322D70050AE5A /* Assets.xcassets */ = {isa = PBXFileReference; lastKnownFileType = folder.assetcatalog; path = Assets.xcassets; sourceTree = "<group>"; };
		6156654B1DE322D70050AE5A /* Base */ = {isa = PBXFileReference; lastKnownFileType = file.storyboard; name = Base; path = Base.lproj/LaunchScreen.storyboard; sourceTree = "<group>"; };
		6156654D1DE322D70050AE5A /* Info.plist */ = {isa = PBXFileReference; lastKnownFileType = text.plist.xml; path = Info.plist; sourceTree = "<group>"; };
		615665521DE322D70050AE5A /* TraverTests.xctest */ = {isa = PBXFileReference; explicitFileType = wrapper.cfbundle; includeInIndex = 0; path = TraverTests.xctest; sourceTree = BUILT_PRODUCTS_DIR; };
		615665561DE322D70050AE5A /* TraverTests.swift */ = {isa = PBXFileReference; lastKnownFileType = sourcecode.swift; path = TraverTests.swift; sourceTree = "<group>"; };
		615665581DE322D70050AE5A /* Info.plist */ = {isa = PBXFileReference; lastKnownFileType = text.plist.xml; path = Info.plist; sourceTree = "<group>"; };
		6156655D1DE322D70050AE5A /* TraverUITests.xctest */ = {isa = PBXFileReference; explicitFileType = wrapper.cfbundle; includeInIndex = 0; path = TraverUITests.xctest; sourceTree = BUILT_PRODUCTS_DIR; };
		615665611DE322D70050AE5A /* TraverUITests.swift */ = {isa = PBXFileReference; lastKnownFileType = sourcecode.swift; path = TraverUITests.swift; sourceTree = "<group>"; };
		615665631DE322D70050AE5A /* Info.plist */ = {isa = PBXFileReference; lastKnownFileType = text.plist.xml; path = Info.plist; sourceTree = "<group>"; };
		615665731DE323060050AE5A /* Traver-Bridging-Header.h */ = {isa = PBXFileReference; lastKnownFileType = sourcecode.c.h; path = "Traver-Bridging-Header.h"; sourceTree = "<group>"; };
		615665761DE3232E0050AE5A /* CoreText.framework */ = {isa = PBXFileReference; lastKnownFileType = wrapper.framework; name = CoreText.framework; path = System/Library/Frameworks/CoreText.framework; sourceTree = SDKROOT; };
		615665781DE323320050AE5A /* CoreImage.framework */ = {isa = PBXFileReference; lastKnownFileType = wrapper.framework; name = CoreImage.framework; path = System/Library/Frameworks/CoreImage.framework; sourceTree = SDKROOT; };
		6156657A1DE323470050AE5A /* libxml2.tbd */ = {isa = PBXFileReference; lastKnownFileType = "sourcecode.text-based-dylib-definition"; name = libxml2.tbd; path = usr/lib/libxml2.tbd; sourceTree = SDKROOT; };
		6156657C1DE3234F0050AE5A /* QuartzCore.framework */ = {isa = PBXFileReference; lastKnownFileType = wrapper.framework; name = QuartzCore.framework; path = System/Library/Frameworks/QuartzCore.framework; sourceTree = SDKROOT; };
		6156657E1DE323530050AE5A /* CoreGraphics.framework */ = {isa = PBXFileReference; lastKnownFileType = wrapper.framework; name = CoreGraphics.framework; path = System/Library/Frameworks/CoreGraphics.framework; sourceTree = SDKROOT; };
		615665851DE3846A0050AE5A /* ProfileViewController.swift */ = {isa = PBXFileReference; fileEncoding = 4; lastKnownFileType = sourcecode.swift; path = ProfileViewController.swift; sourceTree = "<group>"; };
		615665871DE384830050AE5A /* RecommendationsViewController.swift */ = {isa = PBXFileReference; fileEncoding = 4; lastKnownFileType = sourcecode.swift; path = RecommendationsViewController.swift; sourceTree = "<group>"; };
		615665891DE384920050AE5A /* SettingsViewController.swift */ = {isa = PBXFileReference; fileEncoding = 4; lastKnownFileType = sourcecode.swift; path = SettingsViewController.swift; sourceTree = "<group>"; };
		615BAD151DE3A05D00D1478D /* WorldMap.svg */ = {isa = PBXFileReference; fileEncoding = 4; lastKnownFileType = text.xml; path = WorldMap.svg; sourceTree = "<group>"; };
		615BAD5B1DE4C13000D1478D /* Countries.swift */ = {isa = PBXFileReference; fileEncoding = 4; lastKnownFileType = sourcecode.swift; path = Countries.swift; sourceTree = "<group>"; };
		615BAD5E1DE4CF9500D1478D /* User.swift */ = {isa = PBXFileReference; fileEncoding = 4; lastKnownFileType = sourcecode.swift; path = User.swift; sourceTree = "<group>"; };
		615BAD601DE4D40E00D1478D /* CountryItemCell.swift */ = {isa = PBXFileReference; fileEncoding = 4; lastKnownFileType = sourcecode.swift; path = CountryItemCell.swift; sourceTree = "<group>"; };
		61BFD8DA1DE4FB1900F49F6B /* CocoaLumberjack.framework */ = {isa = PBXFileReference; lastKnownFileType = wrapper.framework; path = CocoaLumberjack.framework; sourceTree = "<group>"; };
		61BFD9671DE5A2CF00F49F6B /* UIKit.framework */ = {isa = PBXFileReference; lastKnownFileType = wrapper.framework; name = UIKit.framework; path = System/Library/Frameworks/UIKit.framework; sourceTree = SDKROOT; };
		61BFD9F71DE5A76700F49F6B /* AppleSucksDOMImplementation.h */ = {isa = PBXFileReference; fileEncoding = 4; lastKnownFileType = sourcecode.c.h; path = AppleSucksDOMImplementation.h; sourceTree = "<group>"; };
		61BFD9F81DE5A76700F49F6B /* Attr.h */ = {isa = PBXFileReference; fileEncoding = 4; lastKnownFileType = sourcecode.c.h; path = Attr.h; sourceTree = "<group>"; };
		61BFD9F91DE5A76700F49F6B /* BaseClassForAllSVGBasicShapes.h */ = {isa = PBXFileReference; fileEncoding = 4; lastKnownFileType = sourcecode.c.h; path = BaseClassForAllSVGBasicShapes.h; sourceTree = "<group>"; };
		61BFD9FA1DE5A76700F49F6B /* BaseClassForAllSVGBasicShapes_ForSubclasses.h */ = {isa = PBXFileReference; fileEncoding = 4; lastKnownFileType = sourcecode.c.h; path = BaseClassForAllSVGBasicShapes_ForSubclasses.h; sourceTree = "<group>"; };
		61BFD9FB1DE5A76700F49F6B /* CALayer+RecursiveClone.h */ = {isa = PBXFileReference; fileEncoding = 4; lastKnownFileType = sourcecode.c.h; path = "CALayer+RecursiveClone.h"; sourceTree = "<group>"; };
		61BFD9FC1DE5A76700F49F6B /* CALayerExporter.h */ = {isa = PBXFileReference; fileEncoding = 4; lastKnownFileType = sourcecode.c.h; path = CALayerExporter.h; sourceTree = "<group>"; };
		61BFD9FD1DE5A76700F49F6B /* CALayerWithChildHitTest.h */ = {isa = PBXFileReference; fileEncoding = 4; lastKnownFileType = sourcecode.c.h; path = CALayerWithChildHitTest.h; sourceTree = "<group>"; };
		61BFD9FE1DE5A76700F49F6B /* CALayerWithClipRender.h */ = {isa = PBXFileReference; fileEncoding = 4; lastKnownFileType = sourcecode.c.h; path = CALayerWithClipRender.h; sourceTree = "<group>"; };
		61BFD9FF1DE5A76700F49F6B /* CAShapeLayerWithClipRender.h */ = {isa = PBXFileReference; fileEncoding = 4; lastKnownFileType = sourcecode.c.h; path = CAShapeLayerWithClipRender.h; sourceTree = "<group>"; };
		61BFDA001DE5A76700F49F6B /* CAShapeLayerWithHitTest.h */ = {isa = PBXFileReference; fileEncoding = 4; lastKnownFileType = sourcecode.c.h; path = CAShapeLayerWithHitTest.h; sourceTree = "<group>"; };
		61BFDA011DE5A76700F49F6B /* CDATASection.h */ = {isa = PBXFileReference; fileEncoding = 4; lastKnownFileType = sourcecode.c.h; path = CDATASection.h; sourceTree = "<group>"; };
		61BFDA021DE5A76700F49F6B /* CGPathAdditions.h */ = {isa = PBXFileReference; fileEncoding = 4; lastKnownFileType = sourcecode.c.h; path = CGPathAdditions.h; sourceTree = "<group>"; };
		61BFDA031DE5A76700F49F6B /* CharacterData.h */ = {isa = PBXFileReference; fileEncoding = 4; lastKnownFileType = sourcecode.c.h; path = CharacterData.h; sourceTree = "<group>"; };
		61BFDA041DE5A76700F49F6B /* Comment.h */ = {isa = PBXFileReference; fileEncoding = 4; lastKnownFileType = sourcecode.c.h; path = Comment.h; sourceTree = "<group>"; };
		61BFDA051DE5A76700F49F6B /* ConverterSVGToCALayer.h */ = {isa = PBXFileReference; fileEncoding = 4; lastKnownFileType = sourcecode.c.h; path = ConverterSVGToCALayer.h; sourceTree = "<group>"; };
		61BFDA061DE5A76700F49F6B /* CSSPrimitiveValue.h */ = {isa = PBXFileReference; fileEncoding = 4; lastKnownFileType = sourcecode.c.h; path = CSSPrimitiveValue.h; sourceTree = "<group>"; };
		61BFDA071DE5A76700F49F6B /* CSSPrimitiveValue_ConfigurablePixelsPerInch.h */ = {isa = PBXFileReference; fileEncoding = 4; lastKnownFileType = sourcecode.c.h; path = CSSPrimitiveValue_ConfigurablePixelsPerInch.h; sourceTree = "<group>"; };
		61BFDA081DE5A76700F49F6B /* CSSRule.h */ = {isa = PBXFileReference; fileEncoding = 4; lastKnownFileType = sourcecode.c.h; path = CSSRule.h; sourceTree = "<group>"; };
		61BFDA091DE5A76700F49F6B /* CSSRuleList+Mutable.h */ = {isa = PBXFileReference; fileEncoding = 4; lastKnownFileType = sourcecode.c.h; path = "CSSRuleList+Mutable.h"; sourceTree = "<group>"; };
		61BFDA0A1DE5A76700F49F6B /* CSSRuleList.h */ = {isa = PBXFileReference; fileEncoding = 4; lastKnownFileType = sourcecode.c.h; path = CSSRuleList.h; sourceTree = "<group>"; };
		61BFDA0B1DE5A76700F49F6B /* CSSStyleDeclaration.h */ = {isa = PBXFileReference; fileEncoding = 4; lastKnownFileType = sourcecode.c.h; path = CSSStyleDeclaration.h; sourceTree = "<group>"; };
		61BFDA0C1DE5A76700F49F6B /* CSSStyleRule.h */ = {isa = PBXFileReference; fileEncoding = 4; lastKnownFileType = sourcecode.c.h; path = CSSStyleRule.h; sourceTree = "<group>"; };
		61BFDA0D1DE5A76700F49F6B /* CSSStyleSheet.h */ = {isa = PBXFileReference; fileEncoding = 4; lastKnownFileType = sourcecode.c.h; path = CSSStyleSheet.h; sourceTree = "<group>"; };
		61BFDA0E1DE5A76700F49F6B /* CSSValue.h */ = {isa = PBXFileReference; fileEncoding = 4; lastKnownFileType = sourcecode.c.h; path = CSSValue.h; sourceTree = "<group>"; };
		61BFDA0F1DE5A76700F49F6B /* CSSValue_ForSubclasses.h */ = {isa = PBXFileReference; fileEncoding = 4; lastKnownFileType = sourcecode.c.h; path = CSSValue_ForSubclasses.h; sourceTree = "<group>"; };
		61BFDA101DE5A76700F49F6B /* CSSValueList.h */ = {isa = PBXFileReference; fileEncoding = 4; lastKnownFileType = sourcecode.c.h; path = CSSValueList.h; sourceTree = "<group>"; };
		61BFDA111DE5A76700F49F6B /* Document+Mutable.h */ = {isa = PBXFileReference; fileEncoding = 4; lastKnownFileType = sourcecode.c.h; path = "Document+Mutable.h"; sourceTree = "<group>"; };
		61BFDA121DE5A76700F49F6B /* Document.h */ = {isa = PBXFileReference; fileEncoding = 4; lastKnownFileType = sourcecode.c.h; path = Document.h; sourceTree = "<group>"; };
		61BFDA131DE5A76700F49F6B /* DocumentCSS.h */ = {isa = PBXFileReference; fileEncoding = 4; lastKnownFileType = sourcecode.c.h; path = DocumentCSS.h; sourceTree = "<group>"; };
		61BFDA141DE5A76700F49F6B /* DocumentFragment.h */ = {isa = PBXFileReference; fileEncoding = 4; lastKnownFileType = sourcecode.c.h; path = DocumentFragment.h; sourceTree = "<group>"; };
		61BFDA151DE5A76700F49F6B /* DocumentStyle.h */ = {isa = PBXFileReference; fileEncoding = 4; lastKnownFileType = sourcecode.c.h; path = DocumentStyle.h; sourceTree = "<group>"; };
		61BFDA161DE5A76700F49F6B /* DocumentType.h */ = {isa = PBXFileReference; fileEncoding = 4; lastKnownFileType = sourcecode.c.h; path = DocumentType.h; sourceTree = "<group>"; };
		61BFDA171DE5A76700F49F6B /* DOMGlobalSettings.h */ = {isa = PBXFileReference; fileEncoding = 4; lastKnownFileType = sourcecode.c.h; path = DOMGlobalSettings.h; sourceTree = "<group>"; };
		61BFDA181DE5A76700F49F6B /* DOMHelperUtilities.h */ = {isa = PBXFileReference; fileEncoding = 4; lastKnownFileType = sourcecode.c.h; path = DOMHelperUtilities.h; sourceTree = "<group>"; };
		61BFDA191DE5A76700F49F6B /* Element.h */ = {isa = PBXFileReference; fileEncoding = 4; lastKnownFileType = sourcecode.c.h; path = Element.h; sourceTree = "<group>"; };
		61BFDA1A1DE5A76700F49F6B /* EntityReference.h */ = {isa = PBXFileReference; fileEncoding = 4; lastKnownFileType = sourcecode.c.h; path = EntityReference.h; sourceTree = "<group>"; };
		61BFDA1B1DE5A76700F49F6B /* MediaList.h */ = {isa = PBXFileReference; fileEncoding = 4; lastKnownFileType = sourcecode.c.h; path = MediaList.h; sourceTree = "<group>"; };
		61BFDA1C1DE5A76700F49F6B /* NamedNodeMap.h */ = {isa = PBXFileReference; fileEncoding = 4; lastKnownFileType = sourcecode.c.h; path = NamedNodeMap.h; sourceTree = "<group>"; };
		61BFDA1D1DE5A76700F49F6B /* NamedNodeMap_Iterable.h */ = {isa = PBXFileReference; fileEncoding = 4; lastKnownFileType = sourcecode.c.h; path = NamedNodeMap_Iterable.h; sourceTree = "<group>"; };
		61BFDA1E1DE5A76700F49F6B /* Node+Mutable.h */ = {isa = PBXFileReference; fileEncoding = 4; lastKnownFileType = sourcecode.c.h; path = "Node+Mutable.h"; sourceTree = "<group>"; };
		61BFDA1F1DE5A76700F49F6B /* Node.h */ = {isa = PBXFileReference; fileEncoding = 4; lastKnownFileType = sourcecode.c.h; path = Node.h; sourceTree = "<group>"; };
		61BFDA201DE5A76700F49F6B /* NodeList+Mutable.h */ = {isa = PBXFileReference; fileEncoding = 4; lastKnownFileType = sourcecode.c.h; path = "NodeList+Mutable.h"; sourceTree = "<group>"; };
		61BFDA211DE5A76700F49F6B /* NodeList.h */ = {isa = PBXFileReference; fileEncoding = 4; lastKnownFileType = sourcecode.c.h; path = NodeList.h; sourceTree = "<group>"; };
		61BFDA221DE5A76700F49F6B /* NSCharacterSet+SVGKExtensions.h */ = {isa = PBXFileReference; fileEncoding = 4; lastKnownFileType = sourcecode.c.h; path = "NSCharacterSet+SVGKExtensions.h"; sourceTree = "<group>"; };
		61BFDA231DE5A76700F49F6B /* NSData+NSInputStream.h */ = {isa = PBXFileReference; fileEncoding = 4; lastKnownFileType = sourcecode.c.h; path = "NSData+NSInputStream.h"; sourceTree = "<group>"; };
		61BFDA241DE5A76700F49F6B /* ProcessingInstruction.h */ = {isa = PBXFileReference; fileEncoding = 4; lastKnownFileType = sourcecode.c.h; path = ProcessingInstruction.h; sourceTree = "<group>"; };
		61BFDA251DE5A76700F49F6B /* StyleSheet.h */ = {isa = PBXFileReference; fileEncoding = 4; lastKnownFileType = sourcecode.c.h; path = StyleSheet.h; sourceTree = "<group>"; };
		61BFDA261DE5A76700F49F6B /* StyleSheetList+Mutable.h */ = {isa = PBXFileReference; fileEncoding = 4; lastKnownFileType = sourcecode.c.h; path = "StyleSheetList+Mutable.h"; sourceTree = "<group>"; };
		61BFDA271DE5A76700F49F6B /* StyleSheetList.h */ = {isa = PBXFileReference; fileEncoding = 4; lastKnownFileType = sourcecode.c.h; path = StyleSheetList.h; sourceTree = "<group>"; };
		61BFDA281DE5A76700F49F6B /* SVGAngle.h */ = {isa = PBXFileReference; fileEncoding = 4; lastKnownFileType = sourcecode.c.h; path = SVGAngle.h; sourceTree = "<group>"; };
		61BFDA291DE5A76700F49F6B /* SVGAnimatedPreserveAspectRatio.h */ = {isa = PBXFileReference; fileEncoding = 4; lastKnownFileType = sourcecode.c.h; path = SVGAnimatedPreserveAspectRatio.h; sourceTree = "<group>"; };
		61BFDA2A1DE5A76700F49F6B /* SVGCircleElement.h */ = {isa = PBXFileReference; fileEncoding = 4; lastKnownFileType = sourcecode.c.h; path = SVGCircleElement.h; sourceTree = "<group>"; };
		61BFDA2B1DE5A76700F49F6B /* SVGClipPathElement.h */ = {isa = PBXFileReference; fileEncoding = 4; lastKnownFileType = sourcecode.c.h; path = SVGClipPathElement.h; sourceTree = "<group>"; };
		61BFDA2C1DE5A76700F49F6B /* SVGDefsElement.h */ = {isa = PBXFileReference; fileEncoding = 4; lastKnownFileType = sourcecode.c.h; path = SVGDefsElement.h; sourceTree = "<group>"; };
		61BFDA2D1DE5A76700F49F6B /* SVGDescriptionElement.h */ = {isa = PBXFileReference; fileEncoding = 4; lastKnownFileType = sourcecode.c.h; path = SVGDescriptionElement.h; sourceTree = "<group>"; };
		61BFDA2E1DE5A76700F49F6B /* SVGDocument.h */ = {isa = PBXFileReference; fileEncoding = 4; lastKnownFileType = sourcecode.c.h; path = SVGDocument.h; sourceTree = "<group>"; };
		61BFDA2F1DE5A76700F49F6B /* SVGDocument_Mutable.h */ = {isa = PBXFileReference; fileEncoding = 4; lastKnownFileType = sourcecode.c.h; path = SVGDocument_Mutable.h; sourceTree = "<group>"; };
		61BFDA301DE5A76700F49F6B /* SVGElement.h */ = {isa = PBXFileReference; fileEncoding = 4; lastKnownFileType = sourcecode.c.h; path = SVGElement.h; sourceTree = "<group>"; };
		61BFDA311DE5A76700F49F6B /* SVGElement_ForParser.h */ = {isa = PBXFileReference; fileEncoding = 4; lastKnownFileType = sourcecode.c.h; path = SVGElement_ForParser.h; sourceTree = "<group>"; };
		61BFDA321DE5A76700F49F6B /* SVGElementInstance.h */ = {isa = PBXFileReference; fileEncoding = 4; lastKnownFileType = sourcecode.c.h; path = SVGElementInstance.h; sourceTree = "<group>"; };
		61BFDA331DE5A76700F49F6B /* SVGElementInstance_Mutable.h */ = {isa = PBXFileReference; fileEncoding = 4; lastKnownFileType = sourcecode.c.h; path = SVGElementInstance_Mutable.h; sourceTree = "<group>"; };
		61BFDA341DE5A76700F49F6B /* SVGElementInstanceList.h */ = {isa = PBXFileReference; fileEncoding = 4; lastKnownFileType = sourcecode.c.h; path = SVGElementInstanceList.h; sourceTree = "<group>"; };
		61BFDA351DE5A76700F49F6B /* SVGElementInstanceList_Internal.h */ = {isa = PBXFileReference; fileEncoding = 4; lastKnownFileType = sourcecode.c.h; path = SVGElementInstanceList_Internal.h; sourceTree = "<group>"; };
		61BFDA361DE5A76700F49F6B /* SVGEllipseElement.h */ = {isa = PBXFileReference; fileEncoding = 4; lastKnownFileType = sourcecode.c.h; path = SVGEllipseElement.h; sourceTree = "<group>"; };
		61BFDA371DE5A76700F49F6B /* SVGFitToViewBox.h */ = {isa = PBXFileReference; fileEncoding = 4; lastKnownFileType = sourcecode.c.h; path = SVGFitToViewBox.h; sourceTree = "<group>"; };
		61BFDA381DE5A76700F49F6B /* SVGGElement.h */ = {isa = PBXFileReference; fileEncoding = 4; lastKnownFileType = sourcecode.c.h; path = SVGGElement.h; sourceTree = "<group>"; };
		61BFDA391DE5A76700F49F6B /* SVGGradientElement.h */ = {isa = PBXFileReference; fileEncoding = 4; lastKnownFileType = sourcecode.c.h; path = SVGGradientElement.h; sourceTree = "<group>"; };
		61BFDA3A1DE5A76700F49F6B /* SVGGradientLayer.h */ = {isa = PBXFileReference; fileEncoding = 4; lastKnownFileType = sourcecode.c.h; path = SVGGradientLayer.h; sourceTree = "<group>"; };
		61BFDA3B1DE5A76700F49F6B /* SVGGradientStop.h */ = {isa = PBXFileReference; fileEncoding = 4; lastKnownFileType = sourcecode.c.h; path = SVGGradientStop.h; sourceTree = "<group>"; };
		61BFDA3C1DE5A76700F49F6B /* SVGGroupElement.h */ = {isa = PBXFileReference; fileEncoding = 4; lastKnownFileType = sourcecode.c.h; path = SVGGroupElement.h; sourceTree = "<group>"; };
		61BFDA3D1DE5A76700F49F6B /* SVGHelperUtilities.h */ = {isa = PBXFileReference; fileEncoding = 4; lastKnownFileType = sourcecode.c.h; path = SVGHelperUtilities.h; sourceTree = "<group>"; };
		61BFDA3E1DE5A76700F49F6B /* SVGImageElement.h */ = {isa = PBXFileReference; fileEncoding = 4; lastKnownFileType = sourcecode.c.h; path = SVGImageElement.h; sourceTree = "<group>"; };
		61BFDA3F1DE5A76700F49F6B /* SVGKExporterNSData.h */ = {isa = PBXFileReference; fileEncoding = 4; lastKnownFileType = sourcecode.c.h; path = SVGKExporterNSData.h; sourceTree = "<group>"; };
		61BFDA401DE5A76700F49F6B /* SVGKExporterUIImage.h */ = {isa = PBXFileReference; fileEncoding = 4; lastKnownFileType = sourcecode.c.h; path = SVGKExporterUIImage.h; sourceTree = "<group>"; };
		61BFDA411DE5A76700F49F6B /* SVGKFastImageView.h */ = {isa = PBXFileReference; fileEncoding = 4; lastKnownFileType = sourcecode.c.h; path = SVGKFastImageView.h; sourceTree = "<group>"; };
		61BFDA421DE5A76700F49F6B /* SVGKImage+CGContext.h */ = {isa = PBXFileReference; fileEncoding = 4; lastKnownFileType = sourcecode.c.h; path = "SVGKImage+CGContext.h"; sourceTree = "<group>"; };
		61BFDA431DE5A76700F49F6B /* SVGKImage.h */ = {isa = PBXFileReference; fileEncoding = 4; lastKnownFileType = sourcecode.c.h; path = SVGKImage.h; sourceTree = "<group>"; };
		61BFDA441DE5A76700F49F6B /* SVGKImageView.h */ = {isa = PBXFileReference; fileEncoding = 4; lastKnownFileType = sourcecode.c.h; path = SVGKImageView.h; sourceTree = "<group>"; };
		61BFDA451DE5A76700F49F6B /* SVGKit.h */ = {isa = PBXFileReference; fileEncoding = 4; lastKnownFileType = sourcecode.c.h; path = SVGKit.h; sourceTree = "<group>"; };
		61BFDA461DE5A76700F49F6B /* SVGKLayer.h */ = {isa = PBXFileReference; fileEncoding = 4; lastKnownFileType = sourcecode.c.h; path = SVGKLayer.h; sourceTree = "<group>"; };
		61BFDA471DE5A76700F49F6B /* SVGKLayeredImageView.h */ = {isa = PBXFileReference; fileEncoding = 4; lastKnownFileType = sourcecode.c.h; path = SVGKLayeredImageView.h; sourceTree = "<group>"; };
		61BFDA481DE5A76700F49F6B /* SVGKParser.h */ = {isa = PBXFileReference; fileEncoding = 4; lastKnownFileType = sourcecode.c.h; path = SVGKParser.h; sourceTree = "<group>"; };
		61BFDA491DE5A76700F49F6B /* SVGKParserDefsAndUse.h */ = {isa = PBXFileReference; fileEncoding = 4; lastKnownFileType = sourcecode.c.h; path = SVGKParserDefsAndUse.h; sourceTree = "<group>"; };
		61BFDA4A1DE5A76700F49F6B /* SVGKParserDOM.h */ = {isa = PBXFileReference; fileEncoding = 4; lastKnownFileType = sourcecode.c.h; path = SVGKParserDOM.h; sourceTree = "<group>"; };
		61BFDA4B1DE5A76700F49F6B /* SVGKParseResult.h */ = {isa = PBXFileReference; fileEncoding = 4; lastKnownFileType = sourcecode.c.h; path = SVGKParseResult.h; sourceTree = "<group>"; };
		61BFDA4C1DE5A76700F49F6B /* SVGKParserExtension.h */ = {isa = PBXFileReference; fileEncoding = 4; lastKnownFileType = sourcecode.c.h; path = SVGKParserExtension.h; sourceTree = "<group>"; };
		61BFDA4D1DE5A76700F49F6B /* SVGKParserGradient.h */ = {isa = PBXFileReference; fileEncoding = 4; lastKnownFileType = sourcecode.c.h; path = SVGKParserGradient.h; sourceTree = "<group>"; };
		61BFDA4E1DE5A76700F49F6B /* SVGKParserPatternsAndGradients.h */ = {isa = PBXFileReference; fileEncoding = 4; lastKnownFileType = sourcecode.c.h; path = SVGKParserPatternsAndGradients.h; sourceTree = "<group>"; };
		61BFDA4F1DE5A76700F49F6B /* SVGKParserStyles.h */ = {isa = PBXFileReference; fileEncoding = 4; lastKnownFileType = sourcecode.c.h; path = SVGKParserStyles.h; sourceTree = "<group>"; };
		61BFDA501DE5A76700F49F6B /* SVGKParserSVG.h */ = {isa = PBXFileReference; fileEncoding = 4; lastKnownFileType = sourcecode.c.h; path = SVGKParserSVG.h; sourceTree = "<group>"; };
		61BFDA511DE5A76800F49F6B /* SVGKPattern.h */ = {isa = PBXFileReference; fileEncoding = 4; lastKnownFileType = sourcecode.c.h; path = SVGKPattern.h; sourceTree = "<group>"; };
		61BFDA521DE5A76800F49F6B /* SVGKPointsAndPathsParser.h */ = {isa = PBXFileReference; fileEncoding = 4; lastKnownFileType = sourcecode.c.h; path = SVGKPointsAndPathsParser.h; sourceTree = "<group>"; };
		61BFDA531DE5A76800F49F6B /* SVGKSource.h */ = {isa = PBXFileReference; fileEncoding = 4; lastKnownFileType = sourcecode.c.h; path = SVGKSource.h; sourceTree = "<group>"; };
		61BFDA541DE5A76800F49F6B /* SVGKSourceLocalFile.h */ = {isa = PBXFileReference; fileEncoding = 4; lastKnownFileType = sourcecode.c.h; path = SVGKSourceLocalFile.h; sourceTree = "<group>"; };
		61BFDA551DE5A76800F49F6B /* SVGKSourceNSData.h */ = {isa = PBXFileReference; fileEncoding = 4; lastKnownFileType = sourcecode.c.h; path = SVGKSourceNSData.h; sourceTree = "<group>"; };
		61BFDA561DE5A76800F49F6B /* SVGKSourceString.h */ = {isa = PBXFileReference; fileEncoding = 4; lastKnownFileType = sourcecode.c.h; path = SVGKSourceString.h; sourceTree = "<group>"; };
		61BFDA571DE5A76800F49F6B /* SVGKSourceURL.h */ = {isa = PBXFileReference; fileEncoding = 4; lastKnownFileType = sourcecode.c.h; path = SVGKSourceURL.h; sourceTree = "<group>"; };
		61BFDA581DE5A76800F49F6B /* SVGLength.h */ = {isa = PBXFileReference; fileEncoding = 4; lastKnownFileType = sourcecode.c.h; path = SVGLength.h; sourceTree = "<group>"; };
		61BFDA591DE5A76800F49F6B /* SVGLineElement.h */ = {isa = PBXFileReference; fileEncoding = 4; lastKnownFileType = sourcecode.c.h; path = SVGLineElement.h; sourceTree = "<group>"; };
		61BFDA5A1DE5A76800F49F6B /* SVGMatrix.h */ = {isa = PBXFileReference; fileEncoding = 4; lastKnownFileType = sourcecode.c.h; path = SVGMatrix.h; sourceTree = "<group>"; };
		61BFDA5B1DE5A76800F49F6B /* SVGNumber.h */ = {isa = PBXFileReference; fileEncoding = 4; lastKnownFileType = sourcecode.c.h; path = SVGNumber.h; sourceTree = "<group>"; };
		61BFDA5C1DE5A76800F49F6B /* SVGPathElement.h */ = {isa = PBXFileReference; fileEncoding = 4; lastKnownFileType = sourcecode.c.h; path = SVGPathElement.h; sourceTree = "<group>"; };
		61BFDA5D1DE5A76800F49F6B /* SVGPoint.h */ = {isa = PBXFileReference; fileEncoding = 4; lastKnownFileType = sourcecode.c.h; path = SVGPoint.h; sourceTree = "<group>"; };
		61BFDA5E1DE5A76800F49F6B /* SVGPolygonElement.h */ = {isa = PBXFileReference; fileEncoding = 4; lastKnownFileType = sourcecode.c.h; path = SVGPolygonElement.h; sourceTree = "<group>"; };
		61BFDA5F1DE5A76800F49F6B /* SVGPolylineElement.h */ = {isa = PBXFileReference; fileEncoding = 4; lastKnownFileType = sourcecode.c.h; path = SVGPolylineElement.h; sourceTree = "<group>"; };
		61BFDA601DE5A76800F49F6B /* SVGPreserveAspectRatio.h */ = {isa = PBXFileReference; fileEncoding = 4; lastKnownFileType = sourcecode.c.h; path = SVGPreserveAspectRatio.h; sourceTree = "<group>"; };
		61BFDA611DE5A76800F49F6B /* SVGRect.h */ = {isa = PBXFileReference; fileEncoding = 4; lastKnownFileType = sourcecode.c.h; path = SVGRect.h; sourceTree = "<group>"; };
		61BFDA621DE5A76800F49F6B /* SVGRectElement.h */ = {isa = PBXFileReference; fileEncoding = 4; lastKnownFileType = sourcecode.c.h; path = SVGRectElement.h; sourceTree = "<group>"; };
		61BFDA631DE5A76800F49F6B /* SVGStylable.h */ = {isa = PBXFileReference; fileEncoding = 4; lastKnownFileType = sourcecode.c.h; path = SVGStylable.h; sourceTree = "<group>"; };
		61BFDA641DE5A76800F49F6B /* SVGStyleCatcher.h */ = {isa = PBXFileReference; fileEncoding = 4; lastKnownFileType = sourcecode.c.h; path = SVGStyleCatcher.h; sourceTree = "<group>"; };
		61BFDA651DE5A76800F49F6B /* SVGStyleElement.h */ = {isa = PBXFileReference; fileEncoding = 4; lastKnownFileType = sourcecode.c.h; path = SVGStyleElement.h; sourceTree = "<group>"; };
		61BFDA661DE5A76800F49F6B /* SVGSVGElement.h */ = {isa = PBXFileReference; fileEncoding = 4; lastKnownFileType = sourcecode.c.h; path = SVGSVGElement.h; sourceTree = "<group>"; };
		61BFDA671DE5A76800F49F6B /* SVGSVGElement_Mutable.h */ = {isa = PBXFileReference; fileEncoding = 4; lastKnownFileType = sourcecode.c.h; path = SVGSVGElement_Mutable.h; sourceTree = "<group>"; };
		61BFDA681DE5A76800F49F6B /* SVGSwitchElement.h */ = {isa = PBXFileReference; fileEncoding = 4; lastKnownFileType = sourcecode.c.h; path = SVGSwitchElement.h; sourceTree = "<group>"; };
		61BFDA691DE5A76800F49F6B /* SVGTextContentElement.h */ = {isa = PBXFileReference; fileEncoding = 4; lastKnownFileType = sourcecode.c.h; path = SVGTextContentElement.h; sourceTree = "<group>"; };
		61BFDA6A1DE5A76800F49F6B /* SVGTextElement.h */ = {isa = PBXFileReference; fileEncoding = 4; lastKnownFileType = sourcecode.c.h; path = SVGTextElement.h; sourceTree = "<group>"; };
		61BFDA6B1DE5A76800F49F6B /* SVGTextPositioningElement.h */ = {isa = PBXFileReference; fileEncoding = 4; lastKnownFileType = sourcecode.c.h; path = SVGTextPositioningElement.h; sourceTree = "<group>"; };
		61BFDA6C1DE5A76800F49F6B /* SVGTextPositioningElement_Mutable.h */ = {isa = PBXFileReference; fileEncoding = 4; lastKnownFileType = sourcecode.c.h; path = SVGTextPositioningElement_Mutable.h; sourceTree = "<group>"; };
		61BFDA6D1DE5A76800F49F6B /* SVGTitleElement.h */ = {isa = PBXFileReference; fileEncoding = 4; lastKnownFileType = sourcecode.c.h; path = SVGTitleElement.h; sourceTree = "<group>"; };
		61BFDA6E1DE5A76800F49F6B /* SVGTransform.h */ = {isa = PBXFileReference; fileEncoding = 4; lastKnownFileType = sourcecode.c.h; path = SVGTransform.h; sourceTree = "<group>"; };
		61BFDA6F1DE5A76800F49F6B /* SVGTransformable.h */ = {isa = PBXFileReference; fileEncoding = 4; lastKnownFileType = sourcecode.c.h; path = SVGTransformable.h; sourceTree = "<group>"; };
		61BFDA701DE5A76800F49F6B /* SVGUnitTypes.h */ = {isa = PBXFileReference; fileEncoding = 4; lastKnownFileType = sourcecode.c.h; path = SVGUnitTypes.h; sourceTree = "<group>"; };
		61BFDA711DE5A76800F49F6B /* SVGUseElement.h */ = {isa = PBXFileReference; fileEncoding = 4; lastKnownFileType = sourcecode.c.h; path = SVGUseElement.h; sourceTree = "<group>"; };
		61BFDA721DE5A76800F49F6B /* SVGUseElement_Mutable.h */ = {isa = PBXFileReference; fileEncoding = 4; lastKnownFileType = sourcecode.c.h; path = SVGUseElement_Mutable.h; sourceTree = "<group>"; };
		61BFDA731DE5A76800F49F6B /* SVGUtils.h */ = {isa = PBXFileReference; fileEncoding = 4; lastKnownFileType = sourcecode.c.h; path = SVGUtils.h; sourceTree = "<group>"; };
		61BFDA741DE5A76800F49F6B /* SVGViewSpec.h */ = {isa = PBXFileReference; fileEncoding = 4; lastKnownFileType = sourcecode.c.h; path = SVGViewSpec.h; sourceTree = "<group>"; };
		61BFDA751DE5A76800F49F6B /* Text.h */ = {isa = PBXFileReference; fileEncoding = 4; lastKnownFileType = sourcecode.c.h; path = Text.h; sourceTree = "<group>"; };
		61BFDA761DE5A76800F49F6B /* TinySVGTextAreaElement.h */ = {isa = PBXFileReference; fileEncoding = 4; lastKnownFileType = sourcecode.c.h; path = TinySVGTextAreaElement.h; sourceTree = "<group>"; };
		61BFDA771DE5A77000F49F6B /* libSVGKit-iOS.2.0.0.a */ = {isa = PBXFileReference; lastKnownFileType = archive.ar; path = "libSVGKit-iOS.2.0.0.a"; sourceTree = "<group>"; };
/* End PBXFileReference section */

/* Begin PBXFrameworksBuildPhase section */
		615665391DE322D60050AE5A /* Frameworks */ = {
			isa = PBXFrameworksBuildPhase;
			buildActionMask = 2147483647;
			files = (
				61BFD9681DE5A2CF00F49F6B /* UIKit.framework in Frameworks */,
				6156657B1DE323470050AE5A /* libxml2.tbd in Frameworks */,
				6156657F1DE323530050AE5A /* CoreGraphics.framework in Frameworks */,
				615665791DE323320050AE5A /* CoreImage.framework in Frameworks */,
				61BFD8DB1DE4FB1900F49F6B /* CocoaLumberjack.framework in Frameworks */,
				615665771DE3232E0050AE5A /* CoreText.framework in Frameworks */,
				6156657D1DE3234F0050AE5A /* QuartzCore.framework in Frameworks */,
				61BFDA781DE5A77000F49F6B /* libSVGKit-iOS.2.0.0.a in Frameworks */,
			);
			runOnlyForDeploymentPostprocessing = 0;
		};
		6156654F1DE322D70050AE5A /* Frameworks */ = {
			isa = PBXFrameworksBuildPhase;
			buildActionMask = 2147483647;
			files = (
			);
			runOnlyForDeploymentPostprocessing = 0;
		};
		6156655A1DE322D70050AE5A /* Frameworks */ = {
			isa = PBXFrameworksBuildPhase;
			buildActionMask = 2147483647;
			files = (
			);
			runOnlyForDeploymentPostprocessing = 0;
		};
/* End PBXFrameworksBuildPhase section */

/* Begin PBXGroup section */
		615665331DE322D60050AE5A = {
			isa = PBXGroup;
			children = (
				6156653E1DE322D60050AE5A /* Traver */,
				615665551DE322D70050AE5A /* TraverTests */,
				615665601DE322D70050AE5A /* TraverUITests */,
				6156653D1DE322D60050AE5A /* Products */,
				615665751DE3232E0050AE5A /* Frameworks */,
			);
			sourceTree = "<group>";
		};
		6156653D1DE322D60050AE5A /* Products */ = {
			isa = PBXGroup;
			children = (
				6156653C1DE322D60050AE5A /* Traver.app */,
				615665521DE322D70050AE5A /* TraverTests.xctest */,
				6156655D1DE322D70050AE5A /* TraverUITests.xctest */,
			);
			name = Products;
			sourceTree = "<group>";
		};
		6156653E1DE322D60050AE5A /* Traver */ = {
			isa = PBXGroup;
			children = (
				615BAD5D1DE4CF7700D1478D /* Model */,
				6156653F1DE322D70050AE5A /* AppDelegate.swift */,
				615665851DE3846A0050AE5A /* ProfileViewController.swift */,
				615665871DE384830050AE5A /* RecommendationsViewController.swift */,
				615665891DE384920050AE5A /* SettingsViewController.swift */,
				615665451DE322D70050AE5A /* Main.storyboard */,
				615665481DE322D70050AE5A /* Assets.xcassets */,
				6156654A1DE322D70050AE5A /* LaunchScreen.storyboard */,
				6156654D1DE322D70050AE5A /* Info.plist */,
				615665731DE323060050AE5A /* Traver-Bridging-Header.h */,
				615BAD151DE3A05D00D1478D /* WorldMap.svg */,
				615BAD601DE4D40E00D1478D /* CountryItemCell.swift */,
			);
			path = Traver;
			sourceTree = "<group>";
		};
		615665551DE322D70050AE5A /* TraverTests */ = {
			isa = PBXGroup;
			children = (
				615665561DE322D70050AE5A /* TraverTests.swift */,
				615665581DE322D70050AE5A /* Info.plist */,
			);
			path = TraverTests;
			sourceTree = "<group>";
		};
		615665601DE322D70050AE5A /* TraverUITests */ = {
			isa = PBXGroup;
			children = (
				615665611DE322D70050AE5A /* TraverUITests.swift */,
				615665631DE322D70050AE5A /* Info.plist */,
			);
			path = TraverUITests;
			sourceTree = "<group>";
		};
		615665751DE3232E0050AE5A /* Frameworks */ = {
			isa = PBXGroup;
			children = (
				61BFDA771DE5A77000F49F6B /* libSVGKit-iOS.2.0.0.a */,
				61BFD9F41DE5A76700F49F6B /* usr */,
				61BFD9671DE5A2CF00F49F6B /* UIKit.framework */,
				61BFD8DA1DE4FB1900F49F6B /* CocoaLumberjack.framework */,
				6156657E1DE323530050AE5A /* CoreGraphics.framework */,
				6156657C1DE3234F0050AE5A /* QuartzCore.framework */,
				6156657A1DE323470050AE5A /* libxml2.tbd */,
				615665781DE323320050AE5A /* CoreImage.framework */,
				615665761DE3232E0050AE5A /* CoreText.framework */,
			);
			name = Frameworks;
			sourceTree = "<group>";
		};
		615BAD5D1DE4CF7700D1478D /* Model */ = {
			isa = PBXGroup;
			children = (
				615BAD5B1DE4C13000D1478D /* Countries.swift */,
				615BAD5E1DE4CF9500D1478D /* User.swift */,
			);
			name = Model;
			sourceTree = "<group>";
		};
		61BFD9F41DE5A76700F49F6B /* usr */ = {
			isa = PBXGroup;
			children = (
				61BFD9F51DE5A76700F49F6B /* local */,
			);
			path = usr;
			sourceTree = "<group>";
		};
		61BFD9F51DE5A76700F49F6B /* local */ = {
			isa = PBXGroup;
			children = (
				61BFD9F61DE5A76700F49F6B /* include */,
			);
			path = local;
			sourceTree = "<group>";
		};
		61BFD9F61DE5A76700F49F6B /* include */ = {
			isa = PBXGroup;
			children = (
				61BFD9F71DE5A76700F49F6B /* AppleSucksDOMImplementation.h */,
				61BFD9F81DE5A76700F49F6B /* Attr.h */,
				61BFD9F91DE5A76700F49F6B /* BaseClassForAllSVGBasicShapes.h */,
				61BFD9FA1DE5A76700F49F6B /* BaseClassForAllSVGBasicShapes_ForSubclasses.h */,
				61BFD9FB1DE5A76700F49F6B /* CALayer+RecursiveClone.h */,
				61BFD9FC1DE5A76700F49F6B /* CALayerExporter.h */,
				61BFD9FD1DE5A76700F49F6B /* CALayerWithChildHitTest.h */,
				61BFD9FE1DE5A76700F49F6B /* CALayerWithClipRender.h */,
				61BFD9FF1DE5A76700F49F6B /* CAShapeLayerWithClipRender.h */,
				61BFDA001DE5A76700F49F6B /* CAShapeLayerWithHitTest.h */,
				61BFDA011DE5A76700F49F6B /* CDATASection.h */,
				61BFDA021DE5A76700F49F6B /* CGPathAdditions.h */,
				61BFDA031DE5A76700F49F6B /* CharacterData.h */,
				61BFDA041DE5A76700F49F6B /* Comment.h */,
				61BFDA051DE5A76700F49F6B /* ConverterSVGToCALayer.h */,
				61BFDA061DE5A76700F49F6B /* CSSPrimitiveValue.h */,
				61BFDA071DE5A76700F49F6B /* CSSPrimitiveValue_ConfigurablePixelsPerInch.h */,
				61BFDA081DE5A76700F49F6B /* CSSRule.h */,
				61BFDA091DE5A76700F49F6B /* CSSRuleList+Mutable.h */,
				61BFDA0A1DE5A76700F49F6B /* CSSRuleList.h */,
				61BFDA0B1DE5A76700F49F6B /* CSSStyleDeclaration.h */,
				61BFDA0C1DE5A76700F49F6B /* CSSStyleRule.h */,
				61BFDA0D1DE5A76700F49F6B /* CSSStyleSheet.h */,
				61BFDA0E1DE5A76700F49F6B /* CSSValue.h */,
				61BFDA0F1DE5A76700F49F6B /* CSSValue_ForSubclasses.h */,
				61BFDA101DE5A76700F49F6B /* CSSValueList.h */,
				61BFDA111DE5A76700F49F6B /* Document+Mutable.h */,
				61BFDA121DE5A76700F49F6B /* Document.h */,
				61BFDA131DE5A76700F49F6B /* DocumentCSS.h */,
				61BFDA141DE5A76700F49F6B /* DocumentFragment.h */,
				61BFDA151DE5A76700F49F6B /* DocumentStyle.h */,
				61BFDA161DE5A76700F49F6B /* DocumentType.h */,
				61BFDA171DE5A76700F49F6B /* DOMGlobalSettings.h */,
				61BFDA181DE5A76700F49F6B /* DOMHelperUtilities.h */,
				61BFDA191DE5A76700F49F6B /* Element.h */,
				61BFDA1A1DE5A76700F49F6B /* EntityReference.h */,
				61BFDA1B1DE5A76700F49F6B /* MediaList.h */,
				61BFDA1C1DE5A76700F49F6B /* NamedNodeMap.h */,
				61BFDA1D1DE5A76700F49F6B /* NamedNodeMap_Iterable.h */,
				61BFDA1E1DE5A76700F49F6B /* Node+Mutable.h */,
				61BFDA1F1DE5A76700F49F6B /* Node.h */,
				61BFDA201DE5A76700F49F6B /* NodeList+Mutable.h */,
				61BFDA211DE5A76700F49F6B /* NodeList.h */,
				61BFDA221DE5A76700F49F6B /* NSCharacterSet+SVGKExtensions.h */,
				61BFDA231DE5A76700F49F6B /* NSData+NSInputStream.h */,
				61BFDA241DE5A76700F49F6B /* ProcessingInstruction.h */,
				61BFDA251DE5A76700F49F6B /* StyleSheet.h */,
				61BFDA261DE5A76700F49F6B /* StyleSheetList+Mutable.h */,
				61BFDA271DE5A76700F49F6B /* StyleSheetList.h */,
				61BFDA281DE5A76700F49F6B /* SVGAngle.h */,
				61BFDA291DE5A76700F49F6B /* SVGAnimatedPreserveAspectRatio.h */,
				61BFDA2A1DE5A76700F49F6B /* SVGCircleElement.h */,
				61BFDA2B1DE5A76700F49F6B /* SVGClipPathElement.h */,
				61BFDA2C1DE5A76700F49F6B /* SVGDefsElement.h */,
				61BFDA2D1DE5A76700F49F6B /* SVGDescriptionElement.h */,
				61BFDA2E1DE5A76700F49F6B /* SVGDocument.h */,
				61BFDA2F1DE5A76700F49F6B /* SVGDocument_Mutable.h */,
				61BFDA301DE5A76700F49F6B /* SVGElement.h */,
				61BFDA311DE5A76700F49F6B /* SVGElement_ForParser.h */,
				61BFDA321DE5A76700F49F6B /* SVGElementInstance.h */,
				61BFDA331DE5A76700F49F6B /* SVGElementInstance_Mutable.h */,
				61BFDA341DE5A76700F49F6B /* SVGElementInstanceList.h */,
				61BFDA351DE5A76700F49F6B /* SVGElementInstanceList_Internal.h */,
				61BFDA361DE5A76700F49F6B /* SVGEllipseElement.h */,
				61BFDA371DE5A76700F49F6B /* SVGFitToViewBox.h */,
				61BFDA381DE5A76700F49F6B /* SVGGElement.h */,
				61BFDA391DE5A76700F49F6B /* SVGGradientElement.h */,
				61BFDA3A1DE5A76700F49F6B /* SVGGradientLayer.h */,
				61BFDA3B1DE5A76700F49F6B /* SVGGradientStop.h */,
				61BFDA3C1DE5A76700F49F6B /* SVGGroupElement.h */,
				61BFDA3D1DE5A76700F49F6B /* SVGHelperUtilities.h */,
				61BFDA3E1DE5A76700F49F6B /* SVGImageElement.h */,
				61BFDA3F1DE5A76700F49F6B /* SVGKExporterNSData.h */,
				61BFDA401DE5A76700F49F6B /* SVGKExporterUIImage.h */,
				61BFDA411DE5A76700F49F6B /* SVGKFastImageView.h */,
				61BFDA421DE5A76700F49F6B /* SVGKImage+CGContext.h */,
				61BFDA431DE5A76700F49F6B /* SVGKImage.h */,
				61BFDA441DE5A76700F49F6B /* SVGKImageView.h */,
				61BFDA451DE5A76700F49F6B /* SVGKit.h */,
				61BFDA461DE5A76700F49F6B /* SVGKLayer.h */,
				61BFDA471DE5A76700F49F6B /* SVGKLayeredImageView.h */,
				61BFDA481DE5A76700F49F6B /* SVGKParser.h */,
				61BFDA491DE5A76700F49F6B /* SVGKParserDefsAndUse.h */,
				61BFDA4A1DE5A76700F49F6B /* SVGKParserDOM.h */,
				61BFDA4B1DE5A76700F49F6B /* SVGKParseResult.h */,
				61BFDA4C1DE5A76700F49F6B /* SVGKParserExtension.h */,
				61BFDA4D1DE5A76700F49F6B /* SVGKParserGradient.h */,
				61BFDA4E1DE5A76700F49F6B /* SVGKParserPatternsAndGradients.h */,
				61BFDA4F1DE5A76700F49F6B /* SVGKParserStyles.h */,
				61BFDA501DE5A76700F49F6B /* SVGKParserSVG.h */,
				61BFDA511DE5A76800F49F6B /* SVGKPattern.h */,
				61BFDA521DE5A76800F49F6B /* SVGKPointsAndPathsParser.h */,
				61BFDA531DE5A76800F49F6B /* SVGKSource.h */,
				61BFDA541DE5A76800F49F6B /* SVGKSourceLocalFile.h */,
				61BFDA551DE5A76800F49F6B /* SVGKSourceNSData.h */,
				61BFDA561DE5A76800F49F6B /* SVGKSourceString.h */,
				61BFDA571DE5A76800F49F6B /* SVGKSourceURL.h */,
				61BFDA581DE5A76800F49F6B /* SVGLength.h */,
				61BFDA591DE5A76800F49F6B /* SVGLineElement.h */,
				61BFDA5A1DE5A76800F49F6B /* SVGMatrix.h */,
				61BFDA5B1DE5A76800F49F6B /* SVGNumber.h */,
				61BFDA5C1DE5A76800F49F6B /* SVGPathElement.h */,
				61BFDA5D1DE5A76800F49F6B /* SVGPoint.h */,
				61BFDA5E1DE5A76800F49F6B /* SVGPolygonElement.h */,
				61BFDA5F1DE5A76800F49F6B /* SVGPolylineElement.h */,
				61BFDA601DE5A76800F49F6B /* SVGPreserveAspectRatio.h */,
				61BFDA611DE5A76800F49F6B /* SVGRect.h */,
				61BFDA621DE5A76800F49F6B /* SVGRectElement.h */,
				61BFDA631DE5A76800F49F6B /* SVGStylable.h */,
				61BFDA641DE5A76800F49F6B /* SVGStyleCatcher.h */,
				61BFDA651DE5A76800F49F6B /* SVGStyleElement.h */,
				61BFDA661DE5A76800F49F6B /* SVGSVGElement.h */,
				61BFDA671DE5A76800F49F6B /* SVGSVGElement_Mutable.h */,
				61BFDA681DE5A76800F49F6B /* SVGSwitchElement.h */,
				61BFDA691DE5A76800F49F6B /* SVGTextContentElement.h */,
				61BFDA6A1DE5A76800F49F6B /* SVGTextElement.h */,
				61BFDA6B1DE5A76800F49F6B /* SVGTextPositioningElement.h */,
				61BFDA6C1DE5A76800F49F6B /* SVGTextPositioningElement_Mutable.h */,
				61BFDA6D1DE5A76800F49F6B /* SVGTitleElement.h */,
				61BFDA6E1DE5A76800F49F6B /* SVGTransform.h */,
				61BFDA6F1DE5A76800F49F6B /* SVGTransformable.h */,
				61BFDA701DE5A76800F49F6B /* SVGUnitTypes.h */,
				61BFDA711DE5A76800F49F6B /* SVGUseElement.h */,
				61BFDA721DE5A76800F49F6B /* SVGUseElement_Mutable.h */,
				61BFDA731DE5A76800F49F6B /* SVGUtils.h */,
				61BFDA741DE5A76800F49F6B /* SVGViewSpec.h */,
				61BFDA751DE5A76800F49F6B /* Text.h */,
				61BFDA761DE5A76800F49F6B /* TinySVGTextAreaElement.h */,
			);
			path = include;
			sourceTree = "<group>";
		};
/* End PBXGroup section */

/* Begin PBXNativeTarget section */
		6156653B1DE322D60050AE5A /* Traver */ = {
			isa = PBXNativeTarget;
			buildConfigurationList = 615665661DE322D70050AE5A /* Build configuration list for PBXNativeTarget "Traver" */;
			buildPhases = (
				615665381DE322D60050AE5A /* Sources */,
				615665391DE322D60050AE5A /* Frameworks */,
				6156653A1DE322D60050AE5A /* Resources */,
				615665841DE323680050AE5A /* Embed Frameworks */,
			);
			buildRules = (
			);
			dependencies = (
			);
			name = Traver;
			productName = Traver;
			productReference = 6156653C1DE322D60050AE5A /* Traver.app */;
			productType = "com.apple.product-type.application";
		};
		615665511DE322D70050AE5A /* TraverTests */ = {
			isa = PBXNativeTarget;
			buildConfigurationList = 615665691DE322D70050AE5A /* Build configuration list for PBXNativeTarget "TraverTests" */;
			buildPhases = (
				6156654E1DE322D70050AE5A /* Sources */,
				6156654F1DE322D70050AE5A /* Frameworks */,
				615665501DE322D70050AE5A /* Resources */,
			);
			buildRules = (
			);
			dependencies = (
				615665541DE322D70050AE5A /* PBXTargetDependency */,
			);
			name = TraverTests;
			productName = TraverTests;
			productReference = 615665521DE322D70050AE5A /* TraverTests.xctest */;
			productType = "com.apple.product-type.bundle.unit-test";
		};
		6156655C1DE322D70050AE5A /* TraverUITests */ = {
			isa = PBXNativeTarget;
			buildConfigurationList = 6156656C1DE322D70050AE5A /* Build configuration list for PBXNativeTarget "TraverUITests" */;
			buildPhases = (
				615665591DE322D70050AE5A /* Sources */,
				6156655A1DE322D70050AE5A /* Frameworks */,
				6156655B1DE322D70050AE5A /* Resources */,
			);
			buildRules = (
			);
			dependencies = (
				6156655F1DE322D70050AE5A /* PBXTargetDependency */,
			);
			name = TraverUITests;
			productName = TraverUITests;
			productReference = 6156655D1DE322D70050AE5A /* TraverUITests.xctest */;
			productType = "com.apple.product-type.bundle.ui-testing";
		};
/* End PBXNativeTarget section */

/* Begin PBXProject section */
		615665341DE322D60050AE5A /* Project object */ = {
			isa = PBXProject;
			attributes = {
				LastSwiftUpdateCheck = 0810;
				LastUpgradeCheck = 0810;
				ORGANIZATIONNAME = "Natalia Nikitina";
				TargetAttributes = {
					6156653B1DE322D60050AE5A = {
						CreatedOnToolsVersion = 8.1;
						DevelopmentTeam = 5H72FC97K4;
						LastSwiftMigration = 0810;
						ProvisioningStyle = Automatic;
					};
					615665511DE322D70050AE5A = {
						CreatedOnToolsVersion = 8.1;
						ProvisioningStyle = Automatic;
						TestTargetID = 6156653B1DE322D60050AE5A;
					};
					6156655C1DE322D70050AE5A = {
						CreatedOnToolsVersion = 8.1;
						ProvisioningStyle = Automatic;
						TestTargetID = 6156653B1DE322D60050AE5A;
					};
				};
			};
			buildConfigurationList = 615665371DE322D60050AE5A /* Build configuration list for PBXProject "Traver" */;
			compatibilityVersion = "Xcode 3.2";
			developmentRegion = English;
			hasScannedForEncodings = 0;
			knownRegions = (
				en,
				Base,
			);
			mainGroup = 615665331DE322D60050AE5A;
			productRefGroup = 6156653D1DE322D60050AE5A /* Products */;
			projectDirPath = "";
			projectRoot = "";
			targets = (
				6156653B1DE322D60050AE5A /* Traver */,
				615665511DE322D70050AE5A /* TraverTests */,
				6156655C1DE322D70050AE5A /* TraverUITests */,
			);
		};
/* End PBXProject section */

/* Begin PBXResourcesBuildPhase section */
		6156653A1DE322D60050AE5A /* Resources */ = {
			isa = PBXResourcesBuildPhase;
			buildActionMask = 2147483647;
			files = (
				615BAD161DE3A05D00D1478D /* WorldMap.svg in Resources */,
				6156654C1DE322D70050AE5A /* LaunchScreen.storyboard in Resources */,
				615665491DE322D70050AE5A /* Assets.xcassets in Resources */,
				615665471DE322D70050AE5A /* Main.storyboard in Resources */,
			);
			runOnlyForDeploymentPostprocessing = 0;
		};
		615665501DE322D70050AE5A /* Resources */ = {
			isa = PBXResourcesBuildPhase;
			buildActionMask = 2147483647;
			files = (
			);
			runOnlyForDeploymentPostprocessing = 0;
		};
		6156655B1DE322D70050AE5A /* Resources */ = {
			isa = PBXResourcesBuildPhase;
			buildActionMask = 2147483647;
			files = (
			);
			runOnlyForDeploymentPostprocessing = 0;
		};
/* End PBXResourcesBuildPhase section */

/* Begin PBXSourcesBuildPhase section */
		615665381DE322D60050AE5A /* Sources */ = {
			isa = PBXSourcesBuildPhase;
			buildActionMask = 2147483647;
			files = (
				615BAD611DE4D40E00D1478D /* CountryItemCell.swift in Sources */,
				615665861DE3846B0050AE5A /* ProfileViewController.swift in Sources */,
				615665881DE384830050AE5A /* RecommendationsViewController.swift in Sources */,
				615BAD5F1DE4CF9500D1478D /* User.swift in Sources */,
				615665401DE322D70050AE5A /* AppDelegate.swift in Sources */,
				615BAD5C1DE4C13000D1478D /* Countries.swift in Sources */,
				6156658A1DE384920050AE5A /* SettingsViewController.swift in Sources */,
			);
			runOnlyForDeploymentPostprocessing = 0;
		};
		6156654E1DE322D70050AE5A /* Sources */ = {
			isa = PBXSourcesBuildPhase;
			buildActionMask = 2147483647;
			files = (
				615665571DE322D70050AE5A /* TraverTests.swift in Sources */,
			);
			runOnlyForDeploymentPostprocessing = 0;
		};
		615665591DE322D70050AE5A /* Sources */ = {
			isa = PBXSourcesBuildPhase;
			buildActionMask = 2147483647;
			files = (
				615665621DE322D70050AE5A /* TraverUITests.swift in Sources */,
			);
			runOnlyForDeploymentPostprocessing = 0;
		};
/* End PBXSourcesBuildPhase section */

/* Begin PBXTargetDependency section */
		615665541DE322D70050AE5A /* PBXTargetDependency */ = {
			isa = PBXTargetDependency;
			target = 6156653B1DE322D60050AE5A /* Traver */;
			targetProxy = 615665531DE322D70050AE5A /* PBXContainerItemProxy */;
		};
		6156655F1DE322D70050AE5A /* PBXTargetDependency */ = {
			isa = PBXTargetDependency;
			target = 6156653B1DE322D60050AE5A /* Traver */;
			targetProxy = 6156655E1DE322D70050AE5A /* PBXContainerItemProxy */;
		};
/* End PBXTargetDependency section */

/* Begin PBXVariantGroup section */
		615665451DE322D70050AE5A /* Main.storyboard */ = {
			isa = PBXVariantGroup;
			children = (
				615665461DE322D70050AE5A /* Base */,
			);
			name = Main.storyboard;
			sourceTree = "<group>";
		};
		6156654A1DE322D70050AE5A /* LaunchScreen.storyboard */ = {
			isa = PBXVariantGroup;
			children = (
				6156654B1DE322D70050AE5A /* Base */,
			);
			name = LaunchScreen.storyboard;
			sourceTree = "<group>";
		};
/* End PBXVariantGroup section */

/* Begin XCBuildConfiguration section */
		615665641DE322D70050AE5A /* Debug */ = {
			isa = XCBuildConfiguration;
			buildSettings = {
				ALWAYS_SEARCH_USER_PATHS = NO;
				CLANG_ANALYZER_NONNULL = YES;
				CLANG_CXX_LANGUAGE_STANDARD = "gnu++0x";
				CLANG_CXX_LIBRARY = "libc++";
				CLANG_ENABLE_MODULES = YES;
				CLANG_ENABLE_OBJC_ARC = YES;
				CLANG_WARN_BOOL_CONVERSION = YES;
				CLANG_WARN_CONSTANT_CONVERSION = YES;
				CLANG_WARN_DIRECT_OBJC_ISA_USAGE = YES_ERROR;
				CLANG_WARN_DOCUMENTATION_COMMENTS = YES;
				CLANG_WARN_EMPTY_BODY = YES;
				CLANG_WARN_ENUM_CONVERSION = YES;
				CLANG_WARN_INFINITE_RECURSION = YES;
				CLANG_WARN_INT_CONVERSION = YES;
				CLANG_WARN_OBJC_ROOT_CLASS = YES_ERROR;
				CLANG_WARN_SUSPICIOUS_MOVES = YES;
				CLANG_WARN_UNREACHABLE_CODE = YES;
				CLANG_WARN__DUPLICATE_METHOD_MATCH = YES;
				"CODE_SIGN_IDENTITY[sdk=iphoneos*]" = "iPhone Developer";
				COPY_PHASE_STRIP = NO;
				DEBUG_INFORMATION_FORMAT = dwarf;
				ENABLE_STRICT_OBJC_MSGSEND = YES;
				ENABLE_TESTABILITY = YES;
				GCC_C_LANGUAGE_STANDARD = gnu99;
				GCC_DYNAMIC_NO_PIC = NO;
				GCC_NO_COMMON_BLOCKS = YES;
				GCC_OPTIMIZATION_LEVEL = 0;
				GCC_PREPROCESSOR_DEFINITIONS = (
					"DEBUG=1",
					"$(inherited)",
				);
				GCC_VERSION = "";
				GCC_WARN_64_TO_32_BIT_CONVERSION = YES;
				GCC_WARN_ABOUT_RETURN_TYPE = YES_ERROR;
				GCC_WARN_UNDECLARED_SELECTOR = YES;
				GCC_WARN_UNINITIALIZED_AUTOS = YES_AGGRESSIVE;
				GCC_WARN_UNUSED_FUNCTION = YES;
				GCC_WARN_UNUSED_VARIABLE = YES;
				IPHONEOS_DEPLOYMENT_TARGET = 10.1;
				MTL_ENABLE_DEBUG_INFO = YES;
				ONLY_ACTIVE_ARCH = YES;
				OTHER_LDFLAGS = "-ObjC";
				SDKROOT = iphoneos;
				SWIFT_ACTIVE_COMPILATION_CONDITIONS = DEBUG;
				SWIFT_OPTIMIZATION_LEVEL = "-Onone";
				TARGETED_DEVICE_FAMILY = "1,2";
				VALID_ARCHS = "arm64 armv7 armv7s";
			};
			name = Debug;
		};
		615665651DE322D70050AE5A /* Release */ = {
			isa = XCBuildConfiguration;
			buildSettings = {
				ALWAYS_SEARCH_USER_PATHS = NO;
				CLANG_ANALYZER_NONNULL = YES;
				CLANG_CXX_LANGUAGE_STANDARD = "gnu++0x";
				CLANG_CXX_LIBRARY = "libc++";
				CLANG_ENABLE_MODULES = YES;
				CLANG_ENABLE_OBJC_ARC = YES;
				CLANG_WARN_BOOL_CONVERSION = YES;
				CLANG_WARN_CONSTANT_CONVERSION = YES;
				CLANG_WARN_DIRECT_OBJC_ISA_USAGE = YES_ERROR;
				CLANG_WARN_DOCUMENTATION_COMMENTS = YES;
				CLANG_WARN_EMPTY_BODY = YES;
				CLANG_WARN_ENUM_CONVERSION = YES;
				CLANG_WARN_INFINITE_RECURSION = YES;
				CLANG_WARN_INT_CONVERSION = YES;
				CLANG_WARN_OBJC_ROOT_CLASS = YES_ERROR;
				CLANG_WARN_SUSPICIOUS_MOVES = YES;
				CLANG_WARN_UNREACHABLE_CODE = YES;
				CLANG_WARN__DUPLICATE_METHOD_MATCH = YES;
				"CODE_SIGN_IDENTITY[sdk=iphoneos*]" = "iPhone Developer";
				COPY_PHASE_STRIP = NO;
				DEBUG_INFORMATION_FORMAT = "dwarf-with-dsym";
				ENABLE_NS_ASSERTIONS = NO;
				ENABLE_STRICT_OBJC_MSGSEND = YES;
				GCC_C_LANGUAGE_STANDARD = gnu99;
				GCC_NO_COMMON_BLOCKS = YES;
				GCC_VERSION = "";
				GCC_WARN_64_TO_32_BIT_CONVERSION = YES;
				GCC_WARN_ABOUT_RETURN_TYPE = YES_ERROR;
				GCC_WARN_UNDECLARED_SELECTOR = YES;
				GCC_WARN_UNINITIALIZED_AUTOS = YES_AGGRESSIVE;
				GCC_WARN_UNUSED_FUNCTION = YES;
				GCC_WARN_UNUSED_VARIABLE = YES;
				IPHONEOS_DEPLOYMENT_TARGET = 10.1;
				MTL_ENABLE_DEBUG_INFO = NO;
				ONLY_ACTIVE_ARCH = YES;
				OTHER_LDFLAGS = "-ObjC";
				SDKROOT = iphoneos;
				SWIFT_OPTIMIZATION_LEVEL = "-Owholemodule";
				TARGETED_DEVICE_FAMILY = "1,2";
				VALIDATE_PRODUCT = YES;
				VALID_ARCHS = "arm64 armv7 armv7s";
			};
			name = Release;
		};
		615665671DE322D70050AE5A /* Debug */ = {
			isa = XCBuildConfiguration;
			buildSettings = {
				ARCHS = "$(ARCHS_STANDARD)";
				ASSETCATALOG_COMPILER_APPICON_NAME = AppIcon;
				CLANG_ENABLE_MODULES = YES;
				DEVELOPMENT_TEAM = 5H72FC97K4;
				FRAMEWORK_SEARCH_PATHS = (
					"$(inherited)",
					"$(PROJECT_DIR)",
				);
				GCC_VERSION = "";
				INFOPLIST_FILE = Traver/Info.plist;
				LD_RUNPATH_SEARCH_PATHS = "$(inherited) @executable_path/Frameworks";
				LIBRARY_SEARCH_PATHS = (
					"$(inherited)",
					"$(PROJECT_DIR)",
					"$(PROJECT_DIR)/usr",
				);
				ONLY_ACTIVE_ARCH = YES;
				PRODUCT_BUNDLE_IDENTIFIER = agerstown.Traver;
				PRODUCT_NAME = "$(TARGET_NAME)";
				SWIFT_OBJC_BRIDGING_HEADER = "Traver/Traver-Bridging-Header.h";
				SWIFT_OPTIMIZATION_LEVEL = "-Onone";
				SWIFT_VERSION = 3.0;
				VALID_ARCHS = "arm64 armv7 armv7s";
			};
			name = Debug;
		};
		615665681DE322D70050AE5A /* Release */ = {
			isa = XCBuildConfiguration;
			buildSettings = {
				ARCHS = "$(ARCHS_STANDARD)";
				ASSETCATALOG_COMPILER_APPICON_NAME = AppIcon;
				CLANG_ENABLE_MODULES = YES;
				DEVELOPMENT_TEAM = 5H72FC97K4;
				FRAMEWORK_SEARCH_PATHS = (
					"$(inherited)",
					"$(PROJECT_DIR)",
				);
				GCC_VERSION = "";
				INFOPLIST_FILE = Traver/Info.plist;
				LD_RUNPATH_SEARCH_PATHS = "$(inherited) @executable_path/Frameworks";
				LIBRARY_SEARCH_PATHS = (
					"$(inherited)",
					"$(PROJECT_DIR)",
					"$(PROJECT_DIR)/usr",
				);
				ONLY_ACTIVE_ARCH = YES;
				PRODUCT_BUNDLE_IDENTIFIER = agerstown.Traver;
				PRODUCT_NAME = "$(TARGET_NAME)";
				SWIFT_OBJC_BRIDGING_HEADER = "Traver/Traver-Bridging-Header.h";
				SWIFT_VERSION = 3.0;
				VALID_ARCHS = "arm64 armv7 armv7s";
			};
			name = Release;
		};
		6156656A1DE322D70050AE5A /* Debug */ = {
			isa = XCBuildConfiguration;
			buildSettings = {
				ALWAYS_EMBED_SWIFT_STANDARD_LIBRARIES = YES;
				BUNDLE_LOADER = "$(TEST_HOST)";
				GCC_VERSION = "";
				INFOPLIST_FILE = TraverTests/Info.plist;
				LD_RUNPATH_SEARCH_PATHS = "$(inherited) @executable_path/Frameworks @loader_path/Frameworks";
				PRODUCT_BUNDLE_IDENTIFIER = agerstown.TraverTests;
				PRODUCT_NAME = "$(TARGET_NAME)";
				SWIFT_VERSION = 3.0;
				TEST_HOST = "$(BUILT_PRODUCTS_DIR)/Traver.app/Traver";
			};
			name = Debug;
		};
		6156656B1DE322D70050AE5A /* Release */ = {
			isa = XCBuildConfiguration;
			buildSettings = {
				ALWAYS_EMBED_SWIFT_STANDARD_LIBRARIES = YES;
				BUNDLE_LOADER = "$(TEST_HOST)";
				GCC_VERSION = "";
				INFOPLIST_FILE = TraverTests/Info.plist;
				LD_RUNPATH_SEARCH_PATHS = "$(inherited) @executable_path/Frameworks @loader_path/Frameworks";
				PRODUCT_BUNDLE_IDENTIFIER = agerstown.TraverTests;
				PRODUCT_NAME = "$(TARGET_NAME)";
				SWIFT_VERSION = 3.0;
				TEST_HOST = "$(BUILT_PRODUCTS_DIR)/Traver.app/Traver";
			};
			name = Release;
		};
		6156656D1DE322D70050AE5A /* Debug */ = {
			isa = XCBuildConfiguration;
			buildSettings = {
				ALWAYS_EMBED_SWIFT_STANDARD_LIBRARIES = YES;
				GCC_VERSION = "";
				INFOPLIST_FILE = TraverUITests/Info.plist;
				LD_RUNPATH_SEARCH_PATHS = "$(inherited) @executable_path/Frameworks @loader_path/Frameworks";
				PRODUCT_BUNDLE_IDENTIFIER = agerstown.TraverUITests;
				PRODUCT_NAME = "$(TARGET_NAME)";
				SWIFT_VERSION = 3.0;
				TEST_TARGET_NAME = Traver;
			};
			name = Debug;
		};
		6156656E1DE322D70050AE5A /* Release */ = {
			isa = XCBuildConfiguration;
			buildSettings = {
				ALWAYS_EMBED_SWIFT_STANDARD_LIBRARIES = YES;
				GCC_VERSION = "";
				INFOPLIST_FILE = TraverUITests/Info.plist;
				LD_RUNPATH_SEARCH_PATHS = "$(inherited) @executable_path/Frameworks @loader_path/Frameworks";
				PRODUCT_BUNDLE_IDENTIFIER = agerstown.TraverUITests;
				PRODUCT_NAME = "$(TARGET_NAME)";
				SWIFT_VERSION = 3.0;
				TEST_TARGET_NAME = Traver;
			};
			name = Release;
		};
/* End XCBuildConfiguration section */

/* Begin XCConfigurationList section */
		615665371DE322D60050AE5A /* Build configuration list for PBXProject "Traver" */ = {
			isa = XCConfigurationList;
			buildConfigurations = (
				615665641DE322D70050AE5A /* Debug */,
				615665651DE322D70050AE5A /* Release */,
			);
			defaultConfigurationIsVisible = 0;
			defaultConfigurationName = Release;
		};
		615665661DE322D70050AE5A /* Build configuration list for PBXNativeTarget "Traver" */ = {
			isa = XCConfigurationList;
			buildConfigurations = (
				615665671DE322D70050AE5A /* Debug */,
				615665681DE322D70050AE5A /* Release */,
			);
			defaultConfigurationIsVisible = 0;
			defaultConfigurationName = Release;
		};
		615665691DE322D70050AE5A /* Build configuration list for PBXNativeTarget "TraverTests" */ = {
			isa = XCConfigurationList;
			buildConfigurations = (
				6156656A1DE322D70050AE5A /* Debug */,
				6156656B1DE322D70050AE5A /* Release */,
			);
			defaultConfigurationIsVisible = 0;
			defaultConfigurationName = Release;
		};
		6156656C1DE322D70050AE5A /* Build configuration list for PBXNativeTarget "TraverUITests" */ = {
			isa = XCConfigurationList;
			buildConfigurations = (
				6156656D1DE322D70050AE5A /* Debug */,
				6156656E1DE322D70050AE5A /* Release */,
			);
			defaultConfigurationIsVisible = 0;
			defaultConfigurationName = Release;
		};
/* End XCConfigurationList section */
	};
	rootObject = 615665341DE322D60050AE5A /* Project object */;
}
