// !$*UTF8*$!
{
	archiveVersion = 1;
	classes = {
	};
	objectVersion = 46;
	objects = {

/* Begin PBXBuildFile section */
		612BF6411DE5E04E0092D43F /* CountriesViewController.swift in Sources */ = {isa = PBXBuildFile; fileRef = 612BF6401DE5E04E0092D43F /* CountriesViewController.swift */; };
		612BF6491DE5E2880092D43F /* CountryItemCell.swift in Sources */ = {isa = PBXBuildFile; fileRef = 612BF6481DE5E2880092D43F /* CountryItemCell.swift */; };
		612BF64E1DE5F9FE0092D43F /* Array+RemoveObject.swift in Sources */ = {isa = PBXBuildFile; fileRef = 612BF64D1DE5F9FE0092D43F /* Array+RemoveObject.swift */; };
		612F287F1DE74D9E0057E20B /* Dictionary+InverseKeysValues.swift in Sources */ = {isa = PBXBuildFile; fileRef = 612F287E1DE74D9E0057E20B /* Dictionary+InverseKeysValues.swift */; };
		612F28811DE77CFB0057E20B /* Regions.swift in Sources */ = {isa = PBXBuildFile; fileRef = 612F28801DE77CFB0057E20B /* Regions.swift */; };
		615665401DE322D70050AE5A /* AppDelegate.swift in Sources */ = {isa = PBXBuildFile; fileRef = 6156653F1DE322D70050AE5A /* AppDelegate.swift */; };
		615665471DE322D70050AE5A /* Main.storyboard in Resources */ = {isa = PBXBuildFile; fileRef = 615665451DE322D70050AE5A /* Main.storyboard */; };
		615665491DE322D70050AE5A /* Assets.xcassets in Resources */ = {isa = PBXBuildFile; fileRef = 615665481DE322D70050AE5A /* Assets.xcassets */; };
		6156654C1DE322D70050AE5A /* LaunchScreen.storyboard in Resources */ = {isa = PBXBuildFile; fileRef = 6156654A1DE322D70050AE5A /* LaunchScreen.storyboard */; };
		615665571DE322D70050AE5A /* TraverTests.swift in Sources */ = {isa = PBXBuildFile; fileRef = 615665561DE322D70050AE5A /* TraverTests.swift */; };
		615665621DE322D70050AE5A /* TraverUITests.swift in Sources */ = {isa = PBXBuildFile; fileRef = 615665611DE322D70050AE5A /* TraverUITests.swift */; };
		615665861DE3846B0050AE5A /* ProfileViewController.swift in Sources */ = {isa = PBXBuildFile; fileRef = 615665851DE3846A0050AE5A /* ProfileViewController.swift */; };
		615665881DE384830050AE5A /* RecommendationsViewController.swift in Sources */ = {isa = PBXBuildFile; fileRef = 615665871DE384830050AE5A /* RecommendationsViewController.swift */; };
		6156658A1DE384920050AE5A /* SettingsViewController.swift in Sources */ = {isa = PBXBuildFile; fileRef = 615665891DE384920050AE5A /* SettingsViewController.swift */; };
		615BAD161DE3A05D00D1478D /* WorldMap.svg in Resources */ = {isa = PBXBuildFile; fileRef = 615BAD151DE3A05D00D1478D /* WorldMap.svg */; };
		615BAD5C1DE4C13000D1478D /* Countries.swift in Sources */ = {isa = PBXBuildFile; fileRef = 615BAD5B1DE4C13000D1478D /* Countries.swift */; };
		615BAD5F1DE4CF9500D1478D /* User.swift in Sources */ = {isa = PBXBuildFile; fileRef = 615BAD5E1DE4CF9500D1478D /* User.swift */; };
		615BAD611DE4D40E00D1478D /* VisitedCountryItemCell.swift in Sources */ = {isa = PBXBuildFile; fileRef = 615BAD601DE4D40E00D1478D /* VisitedCountryItemCell.swift */; };
		616E64A11DE6223300680D4F /* Info.plist in Resources */ = {isa = PBXBuildFile; fileRef = 616E64A01DE6223300680D4F /* Info.plist */; };
		61BFDA7A1DE5A8C500F49F6B /* libSVGKit-iOS.2.0.0.a in Frameworks */ = {isa = PBXBuildFile; fileRef = 61BFDA791DE5A8C500F49F6B /* libSVGKit-iOS.2.0.0.a */; };
		61BFDAFF1DE5A90200F49F6B /* CoreText.framework in Frameworks */ = {isa = PBXBuildFile; fileRef = 61BFDAFE1DE5A90200F49F6B /* CoreText.framework */; };
		61BFDB011DE5A90D00F49F6B /* CoreImage.framework in Frameworks */ = {isa = PBXBuildFile; fileRef = 61BFDB001DE5A90D00F49F6B /* CoreImage.framework */; };
		61BFDB031DE5A91800F49F6B /* libxml2.tbd in Frameworks */ = {isa = PBXBuildFile; fileRef = 61BFDB021DE5A91800F49F6B /* libxml2.tbd */; };
		61BFDB051DE5A92000F49F6B /* QuartzCore.framework in Frameworks */ = {isa = PBXBuildFile; fileRef = 61BFDB041DE5A92000F49F6B /* QuartzCore.framework */; };
		61BFDB071DE5A92800F49F6B /* CoreGraphics.framework in Frameworks */ = {isa = PBXBuildFile; fileRef = 61BFDB061DE5A92800F49F6B /* CoreGraphics.framework */; };
		61BFDB091DE5A92D00F49F6B /* UIKit.framework in Frameworks */ = {isa = PBXBuildFile; fileRef = 61BFDB081DE5A92D00F49F6B /* UIKit.framework */; };
		61BFDBE21DE5AD5100F49F6B /* libSVGKit-iOS.2.0.0.a in Embed Frameworks */ = {isa = PBXBuildFile; fileRef = 61BFDA791DE5A8C500F49F6B /* libSVGKit-iOS.2.0.0.a */; };
		61BFDBE51DE5AEFE00F49F6B /* CocoaLumberjack.framework in Frameworks */ = {isa = PBXBuildFile; fileRef = 61BFDBE41DE5AEFE00F49F6B /* CocoaLumberjack.framework */; };
		61BFDBE61DE5AF5100F49F6B /* CocoaLumberjack.framework in Embed Frameworks */ = {isa = PBXBuildFile; fileRef = 61BFDBE41DE5AEFE00F49F6B /* CocoaLumberjack.framework */; settings = {ATTRIBUTES = (CodeSignOnCopy, RemoveHeadersOnCopy, ); }; };
/* End PBXBuildFile section */

/* Begin PBXContainerItemProxy section */
		615665531DE322D70050AE5A /* PBXContainerItemProxy */ = {
			isa = PBXContainerItemProxy;
			containerPortal = 615665341DE322D60050AE5A /* Project object */;
			proxyType = 1;
			remoteGlobalIDString = 6156653B1DE322D60050AE5A;
			remoteInfo = Traver;
		};
		6156655E1DE322D70050AE5A /* PBXContainerItemProxy */ = {
			isa = PBXContainerItemProxy;
			containerPortal = 615665341DE322D60050AE5A /* Project object */;
			proxyType = 1;
			remoteGlobalIDString = 6156653B1DE322D60050AE5A;
			remoteInfo = Traver;
		};
/* End PBXContainerItemProxy section */

/* Begin PBXCopyFilesBuildPhase section */
		615665841DE323680050AE5A /* Embed Frameworks */ = {
			isa = PBXCopyFilesBuildPhase;
			buildActionMask = 2147483647;
			dstPath = "";
			dstSubfolderSpec = 10;
			files = (
				61BFDBE61DE5AF5100F49F6B /* CocoaLumberjack.framework in Embed Frameworks */,
				61BFDBE21DE5AD5100F49F6B /* libSVGKit-iOS.2.0.0.a in Embed Frameworks */,
			);
			name = "Embed Frameworks";
			runOnlyForDeploymentPostprocessing = 0;
		};
/* End PBXCopyFilesBuildPhase section */

/* Begin PBXFileReference section */
		612BF6401DE5E04E0092D43F /* CountriesViewController.swift */ = {isa = PBXFileReference; fileEncoding = 4; lastKnownFileType = sourcecode.swift; path = CountriesViewController.swift; sourceTree = "<group>"; };
		612BF6481DE5E2880092D43F /* CountryItemCell.swift */ = {isa = PBXFileReference; fileEncoding = 4; lastKnownFileType = sourcecode.swift; path = CountryItemCell.swift; sourceTree = "<group>"; };
		612BF64D1DE5F9FE0092D43F /* Array+RemoveObject.swift */ = {isa = PBXFileReference; fileEncoding = 4; lastKnownFileType = sourcecode.swift; path = "Array+RemoveObject.swift"; sourceTree = "<group>"; };
		612F287E1DE74D9E0057E20B /* Dictionary+InverseKeysValues.swift */ = {isa = PBXFileReference; fileEncoding = 4; lastKnownFileType = sourcecode.swift; path = "Dictionary+InverseKeysValues.swift"; sourceTree = "<group>"; };
		612F28801DE77CFB0057E20B /* Regions.swift */ = {isa = PBXFileReference; fileEncoding = 4; lastKnownFileType = sourcecode.swift; path = Regions.swift; sourceTree = "<group>"; };
		6156653C1DE322D60050AE5A /* Traver.app */ = {isa = PBXFileReference; explicitFileType = wrapper.application; includeInIndex = 0; path = Traver.app; sourceTree = BUILT_PRODUCTS_DIR; };
		6156653F1DE322D70050AE5A /* AppDelegate.swift */ = {isa = PBXFileReference; lastKnownFileType = sourcecode.swift; path = AppDelegate.swift; sourceTree = "<group>"; };
		615665461DE322D70050AE5A /* Base */ = {isa = PBXFileReference; lastKnownFileType = file.storyboard; name = Base; path = Base.lproj/Main.storyboard; sourceTree = "<group>"; };
		615665481DE322D70050AE5A /* Assets.xcassets */ = {isa = PBXFileReference; lastKnownFileType = folder.assetcatalog; path = Assets.xcassets; sourceTree = "<group>"; };
		6156654B1DE322D70050AE5A /* Base */ = {isa = PBXFileReference; lastKnownFileType = file.storyboard; name = Base; path = Base.lproj/LaunchScreen.storyboard; sourceTree = "<group>"; };
		615665521DE322D70050AE5A /* TraverTests.xctest */ = {isa = PBXFileReference; explicitFileType = wrapper.cfbundle; includeInIndex = 0; path = TraverTests.xctest; sourceTree = BUILT_PRODUCTS_DIR; };
		615665561DE322D70050AE5A /* TraverTests.swift */ = {isa = PBXFileReference; lastKnownFileType = sourcecode.swift; path = TraverTests.swift; sourceTree = "<group>"; };
		615665581DE322D70050AE5A /* Info.plist */ = {isa = PBXFileReference; lastKnownFileType = text.plist.xml; path = Info.plist; sourceTree = "<group>"; };
		6156655D1DE322D70050AE5A /* TraverUITests.xctest */ = {isa = PBXFileReference; explicitFileType = wrapper.cfbundle; includeInIndex = 0; path = TraverUITests.xctest; sourceTree = BUILT_PRODUCTS_DIR; };
		615665611DE322D70050AE5A /* TraverUITests.swift */ = {isa = PBXFileReference; lastKnownFileType = sourcecode.swift; path = TraverUITests.swift; sourceTree = "<group>"; };
		615665631DE322D70050AE5A /* Info.plist */ = {isa = PBXFileReference; lastKnownFileType = text.plist.xml; path = Info.plist; sourceTree = "<group>"; };
		615665851DE3846A0050AE5A /* ProfileViewController.swift */ = {isa = PBXFileReference; fileEncoding = 4; lastKnownFileType = sourcecode.swift; path = ProfileViewController.swift; sourceTree = "<group>"; };
		615665871DE384830050AE5A /* RecommendationsViewController.swift */ = {isa = PBXFileReference; fileEncoding = 4; lastKnownFileType = sourcecode.swift; path = RecommendationsViewController.swift; sourceTree = "<group>"; };
		615665891DE384920050AE5A /* SettingsViewController.swift */ = {isa = PBXFileReference; fileEncoding = 4; lastKnownFileType = sourcecode.swift; path = SettingsViewController.swift; sourceTree = "<group>"; };
		615BAD151DE3A05D00D1478D /* WorldMap.svg */ = {isa = PBXFileReference; fileEncoding = 4; lastKnownFileType = text.xml; path = WorldMap.svg; sourceTree = "<group>"; };
		615BAD5B1DE4C13000D1478D /* Countries.swift */ = {isa = PBXFileReference; fileEncoding = 4; lastKnownFileType = sourcecode.swift; path = Countries.swift; sourceTree = "<group>"; };
		615BAD5E1DE4CF9500D1478D /* User.swift */ = {isa = PBXFileReference; fileEncoding = 4; lastKnownFileType = sourcecode.swift; path = User.swift; sourceTree = "<group>"; };
		615BAD601DE4D40E00D1478D /* VisitedCountryItemCell.swift */ = {isa = PBXFileReference; fileEncoding = 4; lastKnownFileType = sourcecode.swift; path = VisitedCountryItemCell.swift; sourceTree = "<group>"; };
		616E64A01DE6223300680D4F /* Info.plist */ = {isa = PBXFileReference; fileEncoding = 4; lastKnownFileType = text.plist.xml; path = Info.plist; sourceTree = "<group>"; };
		61BFDA791DE5A8C500F49F6B /* libSVGKit-iOS.2.0.0.a */ = {isa = PBXFileReference; lastKnownFileType = archive.ar; path = "libSVGKit-iOS.2.0.0.a"; sourceTree = "<group>"; };
		61BFDA7E1DE5A8CA00F49F6B /* AppleSucksDOMImplementation.h */ = {isa = PBXFileReference; fileEncoding = 4; lastKnownFileType = sourcecode.c.h; path = AppleSucksDOMImplementation.h; sourceTree = "<group>"; };
		61BFDA7F1DE5A8CA00F49F6B /* Attr.h */ = {isa = PBXFileReference; fileEncoding = 4; lastKnownFileType = sourcecode.c.h; path = Attr.h; sourceTree = "<group>"; };
		61BFDA801DE5A8CA00F49F6B /* BaseClassForAllSVGBasicShapes.h */ = {isa = PBXFileReference; fileEncoding = 4; lastKnownFileType = sourcecode.c.h; path = BaseClassForAllSVGBasicShapes.h; sourceTree = "<group>"; };
		61BFDA811DE5A8CA00F49F6B /* BaseClassForAllSVGBasicShapes_ForSubclasses.h */ = {isa = PBXFileReference; fileEncoding = 4; lastKnownFileType = sourcecode.c.h; path = BaseClassForAllSVGBasicShapes_ForSubclasses.h; sourceTree = "<group>"; };
		61BFDA821DE5A8CA00F49F6B /* CALayer+RecursiveClone.h */ = {isa = PBXFileReference; fileEncoding = 4; lastKnownFileType = sourcecode.c.h; path = "CALayer+RecursiveClone.h"; sourceTree = "<group>"; };
		61BFDA831DE5A8CA00F49F6B /* CALayerExporter.h */ = {isa = PBXFileReference; fileEncoding = 4; lastKnownFileType = sourcecode.c.h; path = CALayerExporter.h; sourceTree = "<group>"; };
		61BFDA841DE5A8CA00F49F6B /* CALayerWithChildHitTest.h */ = {isa = PBXFileReference; fileEncoding = 4; lastKnownFileType = sourcecode.c.h; path = CALayerWithChildHitTest.h; sourceTree = "<group>"; };
		61BFDA851DE5A8CA00F49F6B /* CALayerWithClipRender.h */ = {isa = PBXFileReference; fileEncoding = 4; lastKnownFileType = sourcecode.c.h; path = CALayerWithClipRender.h; sourceTree = "<group>"; };
		61BFDA861DE5A8CA00F49F6B /* CAShapeLayerWithClipRender.h */ = {isa = PBXFileReference; fileEncoding = 4; lastKnownFileType = sourcecode.c.h; path = CAShapeLayerWithClipRender.h; sourceTree = "<group>"; };
		61BFDA871DE5A8CA00F49F6B /* CAShapeLayerWithHitTest.h */ = {isa = PBXFileReference; fileEncoding = 4; lastKnownFileType = sourcecode.c.h; path = CAShapeLayerWithHitTest.h; sourceTree = "<group>"; };
		61BFDA881DE5A8CA00F49F6B /* CDATASection.h */ = {isa = PBXFileReference; fileEncoding = 4; lastKnownFileType = sourcecode.c.h; path = CDATASection.h; sourceTree = "<group>"; };
		61BFDA891DE5A8CA00F49F6B /* CGPathAdditions.h */ = {isa = PBXFileReference; fileEncoding = 4; lastKnownFileType = sourcecode.c.h; path = CGPathAdditions.h; sourceTree = "<group>"; };
		61BFDA8A1DE5A8CA00F49F6B /* CharacterData.h */ = {isa = PBXFileReference; fileEncoding = 4; lastKnownFileType = sourcecode.c.h; path = CharacterData.h; sourceTree = "<group>"; };
		61BFDA8B1DE5A8CA00F49F6B /* Comment.h */ = {isa = PBXFileReference; fileEncoding = 4; lastKnownFileType = sourcecode.c.h; path = Comment.h; sourceTree = "<group>"; };
		61BFDA8C1DE5A8CA00F49F6B /* ConverterSVGToCALayer.h */ = {isa = PBXFileReference; fileEncoding = 4; lastKnownFileType = sourcecode.c.h; path = ConverterSVGToCALayer.h; sourceTree = "<group>"; };
		61BFDA8D1DE5A8CA00F49F6B /* CSSPrimitiveValue.h */ = {isa = PBXFileReference; fileEncoding = 4; lastKnownFileType = sourcecode.c.h; path = CSSPrimitiveValue.h; sourceTree = "<group>"; };
		61BFDA8E1DE5A8CA00F49F6B /* CSSPrimitiveValue_ConfigurablePixelsPerInch.h */ = {isa = PBXFileReference; fileEncoding = 4; lastKnownFileType = sourcecode.c.h; path = CSSPrimitiveValue_ConfigurablePixelsPerInch.h; sourceTree = "<group>"; };
		61BFDA8F1DE5A8CA00F49F6B /* CSSRule.h */ = {isa = PBXFileReference; fileEncoding = 4; lastKnownFileType = sourcecode.c.h; path = CSSRule.h; sourceTree = "<group>"; };
		61BFDA901DE5A8CA00F49F6B /* CSSRuleList+Mutable.h */ = {isa = PBXFileReference; fileEncoding = 4; lastKnownFileType = sourcecode.c.h; path = "CSSRuleList+Mutable.h"; sourceTree = "<group>"; };
		61BFDA911DE5A8CA00F49F6B /* CSSRuleList.h */ = {isa = PBXFileReference; fileEncoding = 4; lastKnownFileType = sourcecode.c.h; path = CSSRuleList.h; sourceTree = "<group>"; };
		61BFDA921DE5A8CA00F49F6B /* CSSStyleDeclaration.h */ = {isa = PBXFileReference; fileEncoding = 4; lastKnownFileType = sourcecode.c.h; path = CSSStyleDeclaration.h; sourceTree = "<group>"; };
		61BFDA931DE5A8CA00F49F6B /* CSSStyleRule.h */ = {isa = PBXFileReference; fileEncoding = 4; lastKnownFileType = sourcecode.c.h; path = CSSStyleRule.h; sourceTree = "<group>"; };
		61BFDA941DE5A8CA00F49F6B /* CSSStyleSheet.h */ = {isa = PBXFileReference; fileEncoding = 4; lastKnownFileType = sourcecode.c.h; path = CSSStyleSheet.h; sourceTree = "<group>"; };
		61BFDA951DE5A8CA00F49F6B /* CSSValue.h */ = {isa = PBXFileReference; fileEncoding = 4; lastKnownFileType = sourcecode.c.h; path = CSSValue.h; sourceTree = "<group>"; };
		61BFDA961DE5A8CA00F49F6B /* CSSValue_ForSubclasses.h */ = {isa = PBXFileReference; fileEncoding = 4; lastKnownFileType = sourcecode.c.h; path = CSSValue_ForSubclasses.h; sourceTree = "<group>"; };
		61BFDA971DE5A8CA00F49F6B /* CSSValueList.h */ = {isa = PBXFileReference; fileEncoding = 4; lastKnownFileType = sourcecode.c.h; path = CSSValueList.h; sourceTree = "<group>"; };
		61BFDA981DE5A8CA00F49F6B /* Document+Mutable.h */ = {isa = PBXFileReference; fileEncoding = 4; lastKnownFileType = sourcecode.c.h; path = "Document+Mutable.h"; sourceTree = "<group>"; };
		61BFDA991DE5A8CA00F49F6B /* Document.h */ = {isa = PBXFileReference; fileEncoding = 4; lastKnownFileType = sourcecode.c.h; path = Document.h; sourceTree = "<group>"; };
		61BFDA9A1DE5A8CA00F49F6B /* DocumentCSS.h */ = {isa = PBXFileReference; fileEncoding = 4; lastKnownFileType = sourcecode.c.h; path = DocumentCSS.h; sourceTree = "<group>"; };
		61BFDA9B1DE5A8CA00F49F6B /* DocumentFragment.h */ = {isa = PBXFileReference; fileEncoding = 4; lastKnownFileType = sourcecode.c.h; path = DocumentFragment.h; sourceTree = "<group>"; };
		61BFDA9C1DE5A8CA00F49F6B /* DocumentStyle.h */ = {isa = PBXFileReference; fileEncoding = 4; lastKnownFileType = sourcecode.c.h; path = DocumentStyle.h; sourceTree = "<group>"; };
		61BFDA9D1DE5A8CA00F49F6B /* DocumentType.h */ = {isa = PBXFileReference; fileEncoding = 4; lastKnownFileType = sourcecode.c.h; path = DocumentType.h; sourceTree = "<group>"; };
		61BFDA9E1DE5A8CA00F49F6B /* DOMGlobalSettings.h */ = {isa = PBXFileReference; fileEncoding = 4; lastKnownFileType = sourcecode.c.h; path = DOMGlobalSettings.h; sourceTree = "<group>"; };
		61BFDA9F1DE5A8CA00F49F6B /* DOMHelperUtilities.h */ = {isa = PBXFileReference; fileEncoding = 4; lastKnownFileType = sourcecode.c.h; path = DOMHelperUtilities.h; sourceTree = "<group>"; };
		61BFDAA01DE5A8CA00F49F6B /* Element.h */ = {isa = PBXFileReference; fileEncoding = 4; lastKnownFileType = sourcecode.c.h; path = Element.h; sourceTree = "<group>"; };
		61BFDAA11DE5A8CA00F49F6B /* EntityReference.h */ = {isa = PBXFileReference; fileEncoding = 4; lastKnownFileType = sourcecode.c.h; path = EntityReference.h; sourceTree = "<group>"; };
		61BFDAA21DE5A8CA00F49F6B /* MediaList.h */ = {isa = PBXFileReference; fileEncoding = 4; lastKnownFileType = sourcecode.c.h; path = MediaList.h; sourceTree = "<group>"; };
		61BFDAA31DE5A8CA00F49F6B /* NamedNodeMap.h */ = {isa = PBXFileReference; fileEncoding = 4; lastKnownFileType = sourcecode.c.h; path = NamedNodeMap.h; sourceTree = "<group>"; };
		61BFDAA41DE5A8CA00F49F6B /* NamedNodeMap_Iterable.h */ = {isa = PBXFileReference; fileEncoding = 4; lastKnownFileType = sourcecode.c.h; path = NamedNodeMap_Iterable.h; sourceTree = "<group>"; };
		61BFDAA51DE5A8CA00F49F6B /* Node+Mutable.h */ = {isa = PBXFileReference; fileEncoding = 4; lastKnownFileType = sourcecode.c.h; path = "Node+Mutable.h"; sourceTree = "<group>"; };
		61BFDAA61DE5A8CA00F49F6B /* Node.h */ = {isa = PBXFileReference; fileEncoding = 4; lastKnownFileType = sourcecode.c.h; path = Node.h; sourceTree = "<group>"; };
		61BFDAA71DE5A8CA00F49F6B /* NodeList+Mutable.h */ = {isa = PBXFileReference; fileEncoding = 4; lastKnownFileType = sourcecode.c.h; path = "NodeList+Mutable.h"; sourceTree = "<group>"; };
		61BFDAA81DE5A8CA00F49F6B /* NodeList.h */ = {isa = PBXFileReference; fileEncoding = 4; lastKnownFileType = sourcecode.c.h; path = NodeList.h; sourceTree = "<group>"; };
		61BFDAA91DE5A8CA00F49F6B /* NSCharacterSet+SVGKExtensions.h */ = {isa = PBXFileReference; fileEncoding = 4; lastKnownFileType = sourcecode.c.h; path = "NSCharacterSet+SVGKExtensions.h"; sourceTree = "<group>"; };
		61BFDAAA1DE5A8CA00F49F6B /* NSData+NSInputStream.h */ = {isa = PBXFileReference; fileEncoding = 4; lastKnownFileType = sourcecode.c.h; path = "NSData+NSInputStream.h"; sourceTree = "<group>"; };
		61BFDAAB1DE5A8CA00F49F6B /* ProcessingInstruction.h */ = {isa = PBXFileReference; fileEncoding = 4; lastKnownFileType = sourcecode.c.h; path = ProcessingInstruction.h; sourceTree = "<group>"; };
		61BFDAAC1DE5A8CB00F49F6B /* StyleSheet.h */ = {isa = PBXFileReference; fileEncoding = 4; lastKnownFileType = sourcecode.c.h; path = StyleSheet.h; sourceTree = "<group>"; };
		61BFDAAD1DE5A8CB00F49F6B /* StyleSheetList+Mutable.h */ = {isa = PBXFileReference; fileEncoding = 4; lastKnownFileType = sourcecode.c.h; path = "StyleSheetList+Mutable.h"; sourceTree = "<group>"; };
		61BFDAAE1DE5A8CB00F49F6B /* StyleSheetList.h */ = {isa = PBXFileReference; fileEncoding = 4; lastKnownFileType = sourcecode.c.h; path = StyleSheetList.h; sourceTree = "<group>"; };
		61BFDAAF1DE5A8CB00F49F6B /* SVGAngle.h */ = {isa = PBXFileReference; fileEncoding = 4; lastKnownFileType = sourcecode.c.h; path = SVGAngle.h; sourceTree = "<group>"; };
		61BFDAB01DE5A8CB00F49F6B /* SVGAnimatedPreserveAspectRatio.h */ = {isa = PBXFileReference; fileEncoding = 4; lastKnownFileType = sourcecode.c.h; path = SVGAnimatedPreserveAspectRatio.h; sourceTree = "<group>"; };
		61BFDAB11DE5A8CB00F49F6B /* SVGCircleElement.h */ = {isa = PBXFileReference; fileEncoding = 4; lastKnownFileType = sourcecode.c.h; path = SVGCircleElement.h; sourceTree = "<group>"; };
		61BFDAB21DE5A8CB00F49F6B /* SVGClipPathElement.h */ = {isa = PBXFileReference; fileEncoding = 4; lastKnownFileType = sourcecode.c.h; path = SVGClipPathElement.h; sourceTree = "<group>"; };
		61BFDAB31DE5A8CB00F49F6B /* SVGDefsElement.h */ = {isa = PBXFileReference; fileEncoding = 4; lastKnownFileType = sourcecode.c.h; path = SVGDefsElement.h; sourceTree = "<group>"; };
		61BFDAB41DE5A8CB00F49F6B /* SVGDescriptionElement.h */ = {isa = PBXFileReference; fileEncoding = 4; lastKnownFileType = sourcecode.c.h; path = SVGDescriptionElement.h; sourceTree = "<group>"; };
		61BFDAB51DE5A8CB00F49F6B /* SVGDocument.h */ = {isa = PBXFileReference; fileEncoding = 4; lastKnownFileType = sourcecode.c.h; path = SVGDocument.h; sourceTree = "<group>"; };
		61BFDAB61DE5A8CB00F49F6B /* SVGDocument_Mutable.h */ = {isa = PBXFileReference; fileEncoding = 4; lastKnownFileType = sourcecode.c.h; path = SVGDocument_Mutable.h; sourceTree = "<group>"; };
		61BFDAB71DE5A8CB00F49F6B /* SVGElement.h */ = {isa = PBXFileReference; fileEncoding = 4; lastKnownFileType = sourcecode.c.h; path = SVGElement.h; sourceTree = "<group>"; };
		61BFDAB81DE5A8CB00F49F6B /* SVGElement_ForParser.h */ = {isa = PBXFileReference; fileEncoding = 4; lastKnownFileType = sourcecode.c.h; path = SVGElement_ForParser.h; sourceTree = "<group>"; };
		61BFDAB91DE5A8CB00F49F6B /* SVGElementInstance.h */ = {isa = PBXFileReference; fileEncoding = 4; lastKnownFileType = sourcecode.c.h; path = SVGElementInstance.h; sourceTree = "<group>"; };
		61BFDABA1DE5A8CB00F49F6B /* SVGElementInstance_Mutable.h */ = {isa = PBXFileReference; fileEncoding = 4; lastKnownFileType = sourcecode.c.h; path = SVGElementInstance_Mutable.h; sourceTree = "<group>"; };
		61BFDABB1DE5A8CB00F49F6B /* SVGElementInstanceList.h */ = {isa = PBXFileReference; fileEncoding = 4; lastKnownFileType = sourcecode.c.h; path = SVGElementInstanceList.h; sourceTree = "<group>"; };
		61BFDABC1DE5A8CB00F49F6B /* SVGElementInstanceList_Internal.h */ = {isa = PBXFileReference; fileEncoding = 4; lastKnownFileType = sourcecode.c.h; path = SVGElementInstanceList_Internal.h; sourceTree = "<group>"; };
		61BFDABD1DE5A8CB00F49F6B /* SVGEllipseElement.h */ = {isa = PBXFileReference; fileEncoding = 4; lastKnownFileType = sourcecode.c.h; path = SVGEllipseElement.h; sourceTree = "<group>"; };
		61BFDABE1DE5A8CB00F49F6B /* SVGFitToViewBox.h */ = {isa = PBXFileReference; fileEncoding = 4; lastKnownFileType = sourcecode.c.h; path = SVGFitToViewBox.h; sourceTree = "<group>"; };
		61BFDABF1DE5A8CB00F49F6B /* SVGGElement.h */ = {isa = PBXFileReference; fileEncoding = 4; lastKnownFileType = sourcecode.c.h; path = SVGGElement.h; sourceTree = "<group>"; };
		61BFDAC01DE5A8CB00F49F6B /* SVGGradientElement.h */ = {isa = PBXFileReference; fileEncoding = 4; lastKnownFileType = sourcecode.c.h; path = SVGGradientElement.h; sourceTree = "<group>"; };
		61BFDAC11DE5A8CB00F49F6B /* SVGGradientLayer.h */ = {isa = PBXFileReference; fileEncoding = 4; lastKnownFileType = sourcecode.c.h; path = SVGGradientLayer.h; sourceTree = "<group>"; };
		61BFDAC21DE5A8CB00F49F6B /* SVGGradientStop.h */ = {isa = PBXFileReference; fileEncoding = 4; lastKnownFileType = sourcecode.c.h; path = SVGGradientStop.h; sourceTree = "<group>"; };
		61BFDAC31DE5A8CB00F49F6B /* SVGGroupElement.h */ = {isa = PBXFileReference; fileEncoding = 4; lastKnownFileType = sourcecode.c.h; path = SVGGroupElement.h; sourceTree = "<group>"; };
		61BFDAC41DE5A8CB00F49F6B /* SVGHelperUtilities.h */ = {isa = PBXFileReference; fileEncoding = 4; lastKnownFileType = sourcecode.c.h; path = SVGHelperUtilities.h; sourceTree = "<group>"; };
		61BFDAC51DE5A8CB00F49F6B /* SVGImageElement.h */ = {isa = PBXFileReference; fileEncoding = 4; lastKnownFileType = sourcecode.c.h; path = SVGImageElement.h; sourceTree = "<group>"; };
		61BFDAC61DE5A8CB00F49F6B /* SVGKExporterNSData.h */ = {isa = PBXFileReference; fileEncoding = 4; lastKnownFileType = sourcecode.c.h; path = SVGKExporterNSData.h; sourceTree = "<group>"; };
		61BFDAC71DE5A8CB00F49F6B /* SVGKExporterUIImage.h */ = {isa = PBXFileReference; fileEncoding = 4; lastKnownFileType = sourcecode.c.h; path = SVGKExporterUIImage.h; sourceTree = "<group>"; };
		61BFDAC81DE5A8CB00F49F6B /* SVGKFastImageView.h */ = {isa = PBXFileReference; fileEncoding = 4; lastKnownFileType = sourcecode.c.h; path = SVGKFastImageView.h; sourceTree = "<group>"; };
		61BFDAC91DE5A8CB00F49F6B /* SVGKImage+CGContext.h */ = {isa = PBXFileReference; fileEncoding = 4; lastKnownFileType = sourcecode.c.h; path = "SVGKImage+CGContext.h"; sourceTree = "<group>"; };
		61BFDACA1DE5A8CB00F49F6B /* SVGKImage.h */ = {isa = PBXFileReference; fileEncoding = 4; lastKnownFileType = sourcecode.c.h; path = SVGKImage.h; sourceTree = "<group>"; };
		61BFDACB1DE5A8CB00F49F6B /* SVGKImageView.h */ = {isa = PBXFileReference; fileEncoding = 4; lastKnownFileType = sourcecode.c.h; path = SVGKImageView.h; sourceTree = "<group>"; };
		61BFDACC1DE5A8CB00F49F6B /* SVGKit.h */ = {isa = PBXFileReference; fileEncoding = 4; lastKnownFileType = sourcecode.c.h; path = SVGKit.h; sourceTree = "<group>"; };
		61BFDACD1DE5A8CB00F49F6B /* SVGKLayer.h */ = {isa = PBXFileReference; fileEncoding = 4; lastKnownFileType = sourcecode.c.h; path = SVGKLayer.h; sourceTree = "<group>"; };
		61BFDACE1DE5A8CB00F49F6B /* SVGKLayeredImageView.h */ = {isa = PBXFileReference; fileEncoding = 4; lastKnownFileType = sourcecode.c.h; path = SVGKLayeredImageView.h; sourceTree = "<group>"; };
		61BFDACF1DE5A8CB00F49F6B /* SVGKParser.h */ = {isa = PBXFileReference; fileEncoding = 4; lastKnownFileType = sourcecode.c.h; path = SVGKParser.h; sourceTree = "<group>"; };
		61BFDAD01DE5A8CB00F49F6B /* SVGKParserDefsAndUse.h */ = {isa = PBXFileReference; fileEncoding = 4; lastKnownFileType = sourcecode.c.h; path = SVGKParserDefsAndUse.h; sourceTree = "<group>"; };
		61BFDAD11DE5A8CB00F49F6B /* SVGKParserDOM.h */ = {isa = PBXFileReference; fileEncoding = 4; lastKnownFileType = sourcecode.c.h; path = SVGKParserDOM.h; sourceTree = "<group>"; };
		61BFDAD21DE5A8CB00F49F6B /* SVGKParseResult.h */ = {isa = PBXFileReference; fileEncoding = 4; lastKnownFileType = sourcecode.c.h; path = SVGKParseResult.h; sourceTree = "<group>"; };
		61BFDAD31DE5A8CB00F49F6B /* SVGKParserExtension.h */ = {isa = PBXFileReference; fileEncoding = 4; lastKnownFileType = sourcecode.c.h; path = SVGKParserExtension.h; sourceTree = "<group>"; };
		61BFDAD41DE5A8CB00F49F6B /* SVGKParserGradient.h */ = {isa = PBXFileReference; fileEncoding = 4; lastKnownFileType = sourcecode.c.h; path = SVGKParserGradient.h; sourceTree = "<group>"; };
		61BFDAD51DE5A8CB00F49F6B /* SVGKParserPatternsAndGradients.h */ = {isa = PBXFileReference; fileEncoding = 4; lastKnownFileType = sourcecode.c.h; path = SVGKParserPatternsAndGradients.h; sourceTree = "<group>"; };
		61BFDAD61DE5A8CB00F49F6B /* SVGKParserStyles.h */ = {isa = PBXFileReference; fileEncoding = 4; lastKnownFileType = sourcecode.c.h; path = SVGKParserStyles.h; sourceTree = "<group>"; };
		61BFDAD71DE5A8CB00F49F6B /* SVGKParserSVG.h */ = {isa = PBXFileReference; fileEncoding = 4; lastKnownFileType = sourcecode.c.h; path = SVGKParserSVG.h; sourceTree = "<group>"; };
		61BFDAD81DE5A8CB00F49F6B /* SVGKPattern.h */ = {isa = PBXFileReference; fileEncoding = 4; lastKnownFileType = sourcecode.c.h; path = SVGKPattern.h; sourceTree = "<group>"; };
		61BFDAD91DE5A8CB00F49F6B /* SVGKPointsAndPathsParser.h */ = {isa = PBXFileReference; fileEncoding = 4; lastKnownFileType = sourcecode.c.h; path = SVGKPointsAndPathsParser.h; sourceTree = "<group>"; };
		61BFDADA1DE5A8CB00F49F6B /* SVGKSource.h */ = {isa = PBXFileReference; fileEncoding = 4; lastKnownFileType = sourcecode.c.h; path = SVGKSource.h; sourceTree = "<group>"; };
		61BFDADB1DE5A8CB00F49F6B /* SVGKSourceLocalFile.h */ = {isa = PBXFileReference; fileEncoding = 4; lastKnownFileType = sourcecode.c.h; path = SVGKSourceLocalFile.h; sourceTree = "<group>"; };
		61BFDADC1DE5A8CB00F49F6B /* SVGKSourceNSData.h */ = {isa = PBXFileReference; fileEncoding = 4; lastKnownFileType = sourcecode.c.h; path = SVGKSourceNSData.h; sourceTree = "<group>"; };
		61BFDADD1DE5A8CB00F49F6B /* SVGKSourceString.h */ = {isa = PBXFileReference; fileEncoding = 4; lastKnownFileType = sourcecode.c.h; path = SVGKSourceString.h; sourceTree = "<group>"; };
		61BFDADE1DE5A8CB00F49F6B /* SVGKSourceURL.h */ = {isa = PBXFileReference; fileEncoding = 4; lastKnownFileType = sourcecode.c.h; path = SVGKSourceURL.h; sourceTree = "<group>"; };
		61BFDADF1DE5A8CB00F49F6B /* SVGLength.h */ = {isa = PBXFileReference; fileEncoding = 4; lastKnownFileType = sourcecode.c.h; path = SVGLength.h; sourceTree = "<group>"; };
		61BFDAE01DE5A8CB00F49F6B /* SVGLineElement.h */ = {isa = PBXFileReference; fileEncoding = 4; lastKnownFileType = sourcecode.c.h; path = SVGLineElement.h; sourceTree = "<group>"; };
		61BFDAE11DE5A8CB00F49F6B /* SVGMatrix.h */ = {isa = PBXFileReference; fileEncoding = 4; lastKnownFileType = sourcecode.c.h; path = SVGMatrix.h; sourceTree = "<group>"; };
		61BFDAE21DE5A8CB00F49F6B /* SVGNumber.h */ = {isa = PBXFileReference; fileEncoding = 4; lastKnownFileType = sourcecode.c.h; path = SVGNumber.h; sourceTree = "<group>"; };
		61BFDAE31DE5A8CB00F49F6B /* SVGPathElement.h */ = {isa = PBXFileReference; fileEncoding = 4; lastKnownFileType = sourcecode.c.h; path = SVGPathElement.h; sourceTree = "<group>"; };
		61BFDAE41DE5A8CB00F49F6B /* SVGPoint.h */ = {isa = PBXFileReference; fileEncoding = 4; lastKnownFileType = sourcecode.c.h; path = SVGPoint.h; sourceTree = "<group>"; };
		61BFDAE51DE5A8CB00F49F6B /* SVGPolygonElement.h */ = {isa = PBXFileReference; fileEncoding = 4; lastKnownFileType = sourcecode.c.h; path = SVGPolygonElement.h; sourceTree = "<group>"; };
		61BFDAE61DE5A8CB00F49F6B /* SVGPolylineElement.h */ = {isa = PBXFileReference; fileEncoding = 4; lastKnownFileType = sourcecode.c.h; path = SVGPolylineElement.h; sourceTree = "<group>"; };
		61BFDAE71DE5A8CB00F49F6B /* SVGPreserveAspectRatio.h */ = {isa = PBXFileReference; fileEncoding = 4; lastKnownFileType = sourcecode.c.h; path = SVGPreserveAspectRatio.h; sourceTree = "<group>"; };
		61BFDAE81DE5A8CB00F49F6B /* SVGRect.h */ = {isa = PBXFileReference; fileEncoding = 4; lastKnownFileType = sourcecode.c.h; path = SVGRect.h; sourceTree = "<group>"; };
		61BFDAE91DE5A8CB00F49F6B /* SVGRectElement.h */ = {isa = PBXFileReference; fileEncoding = 4; lastKnownFileType = sourcecode.c.h; path = SVGRectElement.h; sourceTree = "<group>"; };
		61BFDAEA1DE5A8CB00F49F6B /* SVGStylable.h */ = {isa = PBXFileReference; fileEncoding = 4; lastKnownFileType = sourcecode.c.h; path = SVGStylable.h; sourceTree = "<group>"; };
		61BFDAEB1DE5A8CB00F49F6B /* SVGStyleCatcher.h */ = {isa = PBXFileReference; fileEncoding = 4; lastKnownFileType = sourcecode.c.h; path = SVGStyleCatcher.h; sourceTree = "<group>"; };
		61BFDAEC1DE5A8CB00F49F6B /* SVGStyleElement.h */ = {isa = PBXFileReference; fileEncoding = 4; lastKnownFileType = sourcecode.c.h; path = SVGStyleElement.h; sourceTree = "<group>"; };
		61BFDAED1DE5A8CB00F49F6B /* SVGSVGElement.h */ = {isa = PBXFileReference; fileEncoding = 4; lastKnownFileType = sourcecode.c.h; path = SVGSVGElement.h; sourceTree = "<group>"; };
		61BFDAEE1DE5A8CB00F49F6B /* SVGSVGElement_Mutable.h */ = {isa = PBXFileReference; fileEncoding = 4; lastKnownFileType = sourcecode.c.h; path = SVGSVGElement_Mutable.h; sourceTree = "<group>"; };
		61BFDAEF1DE5A8CB00F49F6B /* SVGSwitchElement.h */ = {isa = PBXFileReference; fileEncoding = 4; lastKnownFileType = sourcecode.c.h; path = SVGSwitchElement.h; sourceTree = "<group>"; };
		61BFDAF01DE5A8CB00F49F6B /* SVGTextContentElement.h */ = {isa = PBXFileReference; fileEncoding = 4; lastKnownFileType = sourcecode.c.h; path = SVGTextContentElement.h; sourceTree = "<group>"; };
		61BFDAF11DE5A8CB00F49F6B /* SVGTextElement.h */ = {isa = PBXFileReference; fileEncoding = 4; lastKnownFileType = sourcecode.c.h; path = SVGTextElement.h; sourceTree = "<group>"; };
		61BFDAF21DE5A8CB00F49F6B /* SVGTextPositioningElement.h */ = {isa = PBXFileReference; fileEncoding = 4; lastKnownFileType = sourcecode.c.h; path = SVGTextPositioningElement.h; sourceTree = "<group>"; };
		61BFDAF31DE5A8CB00F49F6B /* SVGTextPositioningElement_Mutable.h */ = {isa = PBXFileReference; fileEncoding = 4; lastKnownFileType = sourcecode.c.h; path = SVGTextPositioningElement_Mutable.h; sourceTree = "<group>"; };
		61BFDAF41DE5A8CB00F49F6B /* SVGTitleElement.h */ = {isa = PBXFileReference; fileEncoding = 4; lastKnownFileType = sourcecode.c.h; path = SVGTitleElement.h; sourceTree = "<group>"; };
		61BFDAF51DE5A8CB00F49F6B /* SVGTransform.h */ = {isa = PBXFileReference; fileEncoding = 4; lastKnownFileType = sourcecode.c.h; path = SVGTransform.h; sourceTree = "<group>"; };
		61BFDAF61DE5A8CB00F49F6B /* SVGTransformable.h */ = {isa = PBXFileReference; fileEncoding = 4; lastKnownFileType = sourcecode.c.h; path = SVGTransformable.h; sourceTree = "<group>"; };
		61BFDAF71DE5A8CB00F49F6B /* SVGUnitTypes.h */ = {isa = PBXFileReference; fileEncoding = 4; lastKnownFileType = sourcecode.c.h; path = SVGUnitTypes.h; sourceTree = "<group>"; };
		61BFDAF81DE5A8CB00F49F6B /* SVGUseElement.h */ = {isa = PBXFileReference; fileEncoding = 4; lastKnownFileType = sourcecode.c.h; path = SVGUseElement.h; sourceTree = "<group>"; };
		61BFDAF91DE5A8CB00F49F6B /* SVGUseElement_Mutable.h */ = {isa = PBXFileReference; fileEncoding = 4; lastKnownFileType = sourcecode.c.h; path = SVGUseElement_Mutable.h; sourceTree = "<group>"; };
		61BFDAFA1DE5A8CB00F49F6B /* SVGUtils.h */ = {isa = PBXFileReference; fileEncoding = 4; lastKnownFileType = sourcecode.c.h; path = SVGUtils.h; sourceTree = "<group>"; };
		61BFDAFB1DE5A8CB00F49F6B /* SVGViewSpec.h */ = {isa = PBXFileReference; fileEncoding = 4; lastKnownFileType = sourcecode.c.h; path = SVGViewSpec.h; sourceTree = "<group>"; };
		61BFDAFC1DE5A8CB00F49F6B /* Text.h */ = {isa = PBXFileReference; fileEncoding = 4; lastKnownFileType = sourcecode.c.h; path = Text.h; sourceTree = "<group>"; };
		61BFDAFD1DE5A8CB00F49F6B /* TinySVGTextAreaElement.h */ = {isa = PBXFileReference; fileEncoding = 4; lastKnownFileType = sourcecode.c.h; path = TinySVGTextAreaElement.h; sourceTree = "<group>"; };
		61BFDAFE1DE5A90200F49F6B /* CoreText.framework */ = {isa = PBXFileReference; lastKnownFileType = wrapper.framework; name = CoreText.framework; path = System/Library/Frameworks/CoreText.framework; sourceTree = SDKROOT; };
		61BFDB001DE5A90D00F49F6B /* CoreImage.framework */ = {isa = PBXFileReference; lastKnownFileType = wrapper.framework; name = CoreImage.framework; path = System/Library/Frameworks/CoreImage.framework; sourceTree = SDKROOT; };
		61BFDB021DE5A91800F49F6B /* libxml2.tbd */ = {isa = PBXFileReference; lastKnownFileType = "sourcecode.text-based-dylib-definition"; name = libxml2.tbd; path = usr/lib/libxml2.tbd; sourceTree = SDKROOT; };
		61BFDB041DE5A92000F49F6B /* QuartzCore.framework */ = {isa = PBXFileReference; lastKnownFileType = wrapper.framework; name = QuartzCore.framework; path = System/Library/Frameworks/QuartzCore.framework; sourceTree = SDKROOT; };
		61BFDB061DE5A92800F49F6B /* CoreGraphics.framework */ = {isa = PBXFileReference; lastKnownFileType = wrapper.framework; name = CoreGraphics.framework; path = System/Library/Frameworks/CoreGraphics.framework; sourceTree = SDKROOT; };
		61BFDB081DE5A92D00F49F6B /* UIKit.framework */ = {isa = PBXFileReference; lastKnownFileType = wrapper.framework; name = UIKit.framework; path = System/Library/Frameworks/UIKit.framework; sourceTree = SDKROOT; };
		61BFDB101DE5ABB700F49F6B /* Traver-Bridging-Header.h */ = {isa = PBXFileReference; lastKnownFileType = sourcecode.c.h; path = "Traver-Bridging-Header.h"; sourceTree = "<group>"; };
		61BFDBE41DE5AEFE00F49F6B /* CocoaLumberjack.framework */ = {isa = PBXFileReference; lastKnownFileType = wrapper.framework; path = CocoaLumberjack.framework; sourceTree = "<group>"; };
/* End PBXFileReference section */

/* Begin PBXFrameworksBuildPhase section */
		615665391DE322D60050AE5A /* Frameworks */ = {
			isa = PBXFrameworksBuildPhase;
			buildActionMask = 2147483647;
			files = (
				61BFDB091DE5A92D00F49F6B /* UIKit.framework in Frameworks */,
				61BFDB071DE5A92800F49F6B /* CoreGraphics.framework in Frameworks */,
				61BFDBE51DE5AEFE00F49F6B /* CocoaLumberjack.framework in Frameworks */,
				61BFDB051DE5A92000F49F6B /* QuartzCore.framework in Frameworks */,
				61BFDB031DE5A91800F49F6B /* libxml2.tbd in Frameworks */,
				61BFDB011DE5A90D00F49F6B /* CoreImage.framework in Frameworks */,
				61BFDAFF1DE5A90200F49F6B /* CoreText.framework in Frameworks */,
				61BFDA7A1DE5A8C500F49F6B /* libSVGKit-iOS.2.0.0.a in Frameworks */,
			);
			runOnlyForDeploymentPostprocessing = 0;
		};
		6156654F1DE322D70050AE5A /* Frameworks */ = {
			isa = PBXFrameworksBuildPhase;
			buildActionMask = 2147483647;
			files = (
			);
			runOnlyForDeploymentPostprocessing = 0;
		};
		6156655A1DE322D70050AE5A /* Frameworks */ = {
			isa = PBXFrameworksBuildPhase;
			buildActionMask = 2147483647;
			files = (
			);
			runOnlyForDeploymentPostprocessing = 0;
		};
/* End PBXFrameworksBuildPhase section */

/* Begin PBXGroup section */
		612BF63F1DE5E0360092D43F /* Profile */ = {
			isa = PBXGroup;
			children = (
				615665851DE3846A0050AE5A /* ProfileViewController.swift */,
				615BAD601DE4D40E00D1478D /* VisitedCountryItemCell.swift */,
				612BF6401DE5E04E0092D43F /* CountriesViewController.swift */,
				612BF6481DE5E2880092D43F /* CountryItemCell.swift */,
			);
			path = Profile;
			sourceTree = "<group>";
		};
		612BF6421DE5E05E0092D43F /* Recommendations */ = {
			isa = PBXGroup;
			children = (
				615665871DE384830050AE5A /* RecommendationsViewController.swift */,
			);
			path = Recommendations;
			sourceTree = "<group>";
		};
		612BF6431DE5E06A0092D43F /* Settings */ = {
			isa = PBXGroup;
			children = (
				615665891DE384920050AE5A /* SettingsViewController.swift */,
			);
			path = Settings;
			sourceTree = "<group>";
		};
		612BF6451DE5E1CA0092D43F /* Storyboards */ = {
			isa = PBXGroup;
			children = (
				615665451DE322D70050AE5A /* Main.storyboard */,
				6156654A1DE322D70050AE5A /* LaunchScreen.storyboard */,
			);
			name = Storyboards;
			sourceTree = "<group>";
		};
		612BF6461DE5E1E60092D43F /* Main */ = {
			isa = PBXGroup;
			children = (
				6156653F1DE322D70050AE5A /* AppDelegate.swift */,
				61BFDB101DE5ABB700F49F6B /* Traver-Bridging-Header.h */,
			);
			path = Main;
			sourceTree = "<group>";
		};
		612BF6471DE5E2020092D43F /* Documents */ = {
			isa = PBXGroup;
			children = (
				615BAD151DE3A05D00D1478D /* WorldMap.svg */,
			);
			path = Documents;
			sourceTree = "<group>";
		};
		612BF64C1DE5F9530092D43F /* Extensions */ = {
			isa = PBXGroup;
			children = (
				612BF64D1DE5F9FE0092D43F /* Array+RemoveObject.swift */,
				612F287E1DE74D9E0057E20B /* Dictionary+InverseKeysValues.swift */,
			);
			path = Extensions;
			sourceTree = "<group>";
		};
		615665331DE322D60050AE5A = {
			isa = PBXGroup;
			children = (
				6156653E1DE322D60050AE5A /* Traver */,
				615665551DE322D70050AE5A /* TraverTests */,
				615665601DE322D70050AE5A /* TraverUITests */,
				6156653D1DE322D60050AE5A /* Products */,
				615665751DE3232E0050AE5A /* Frameworks and Libraries */,
			);
			sourceTree = "<group>";
		};
		6156653D1DE322D60050AE5A /* Products */ = {
			isa = PBXGroup;
			children = (
				6156653C1DE322D60050AE5A /* Traver.app */,
				615665521DE322D70050AE5A /* TraverTests.xctest */,
				6156655D1DE322D70050AE5A /* TraverUITests.xctest */,
			);
			name = Products;
			sourceTree = "<group>";
		};
		6156653E1DE322D60050AE5A /* Traver */ = {
			isa = PBXGroup;
			children = (
				612BF6461DE5E1E60092D43F /* Main */,
				612BF63F1DE5E0360092D43F /* Profile */,
				612BF6421DE5E05E0092D43F /* Recommendations */,
				612BF6431DE5E06A0092D43F /* Settings */,
				615BAD5D1DE4CF7700D1478D /* Model */,
				612BF6451DE5E1CA0092D43F /* Storyboards */,
				612BF64C1DE5F9530092D43F /* Extensions */,
				612BF6471DE5E2020092D43F /* Documents */,
				615665481DE322D70050AE5A /* Assets.xcassets */,
				616E64A01DE6223300680D4F /* Info.plist */,
			);
			path = Traver;
			sourceTree = "<group>";
		};
		615665551DE322D70050AE5A /* TraverTests */ = {
			isa = PBXGroup;
			children = (
				615665561DE322D70050AE5A /* TraverTests.swift */,
				615665581DE322D70050AE5A /* Info.plist */,
			);
			path = TraverTests;
			sourceTree = "<group>";
		};
		615665601DE322D70050AE5A /* TraverUITests */ = {
			isa = PBXGroup;
			children = (
				615665611DE322D70050AE5A /* TraverUITests.swift */,
				615665631DE322D70050AE5A /* Info.plist */,
			);
			path = TraverUITests;
			sourceTree = "<group>";
		};
		615665751DE3232E0050AE5A /* Frameworks and Libraries */ = {
			isa = PBXGroup;
			children = (
				61BFDA7B1DE5A8CA00F49F6B /* usr */,
				61BFDBE41DE5AEFE00F49F6B /* CocoaLumberjack.framework */,
				61BFDA791DE5A8C500F49F6B /* libSVGKit-iOS.2.0.0.a */,
				61BFDB081DE5A92D00F49F6B /* UIKit.framework */,
				61BFDB061DE5A92800F49F6B /* CoreGraphics.framework */,
				61BFDB041DE5A92000F49F6B /* QuartzCore.framework */,
				61BFDB021DE5A91800F49F6B /* libxml2.tbd */,
				61BFDB001DE5A90D00F49F6B /* CoreImage.framework */,
				61BFDAFE1DE5A90200F49F6B /* CoreText.framework */,
			);
			path = "Frameworks and Libraries";
			sourceTree = "<group>";
		};
		615BAD5D1DE4CF7700D1478D /* Model */ = {
			isa = PBXGroup;
			children = (
				615BAD5E1DE4CF9500D1478D /* User.swift */,
				612F28801DE77CFB0057E20B /* Regions.swift */,
				615BAD5B1DE4C13000D1478D /* Countries.swift */,
			);
			path = Model;
			sourceTree = "<group>";
		};
		61BFDA7B1DE5A8CA00F49F6B /* usr */ = {
			isa = PBXGroup;
			children = (
				61BFDA7C1DE5A8CA00F49F6B /* local */,
			);
			path = usr;
			sourceTree = "<group>";
		};
		61BFDA7C1DE5A8CA00F49F6B /* local */ = {
			isa = PBXGroup;
			children = (
				61BFDA7D1DE5A8CA00F49F6B /* include */,
			);
			path = local;
			sourceTree = "<group>";
		};
		61BFDA7D1DE5A8CA00F49F6B /* include */ = {
			isa = PBXGroup;
			children = (
				61BFDA7E1DE5A8CA00F49F6B /* AppleSucksDOMImplementation.h */,
				61BFDA7F1DE5A8CA00F49F6B /* Attr.h */,
				61BFDA801DE5A8CA00F49F6B /* BaseClassForAllSVGBasicShapes.h */,
				61BFDA811DE5A8CA00F49F6B /* BaseClassForAllSVGBasicShapes_ForSubclasses.h */,
				61BFDA821DE5A8CA00F49F6B /* CALayer+RecursiveClone.h */,
				61BFDA831DE5A8CA00F49F6B /* CALayerExporter.h */,
				61BFDA841DE5A8CA00F49F6B /* CALayerWithChildHitTest.h */,
				61BFDA851DE5A8CA00F49F6B /* CALayerWithClipRender.h */,
				61BFDA861DE5A8CA00F49F6B /* CAShapeLayerWithClipRender.h */,
				61BFDA871DE5A8CA00F49F6B /* CAShapeLayerWithHitTest.h */,
				61BFDA881DE5A8CA00F49F6B /* CDATASection.h */,
				61BFDA891DE5A8CA00F49F6B /* CGPathAdditions.h */,
				61BFDA8A1DE5A8CA00F49F6B /* CharacterData.h */,
				61BFDA8B1DE5A8CA00F49F6B /* Comment.h */,
				61BFDA8C1DE5A8CA00F49F6B /* ConverterSVGToCALayer.h */,
				61BFDA8D1DE5A8CA00F49F6B /* CSSPrimitiveValue.h */,
				61BFDA8E1DE5A8CA00F49F6B /* CSSPrimitiveValue_ConfigurablePixelsPerInch.h */,
				61BFDA8F1DE5A8CA00F49F6B /* CSSRule.h */,
				61BFDA901DE5A8CA00F49F6B /* CSSRuleList+Mutable.h */,
				61BFDA911DE5A8CA00F49F6B /* CSSRuleList.h */,
				61BFDA921DE5A8CA00F49F6B /* CSSStyleDeclaration.h */,
				61BFDA931DE5A8CA00F49F6B /* CSSStyleRule.h */,
				61BFDA941DE5A8CA00F49F6B /* CSSStyleSheet.h */,
				61BFDA951DE5A8CA00F49F6B /* CSSValue.h */,
				61BFDA961DE5A8CA00F49F6B /* CSSValue_ForSubclasses.h */,
				61BFDA971DE5A8CA00F49F6B /* CSSValueList.h */,
				61BFDA981DE5A8CA00F49F6B /* Document+Mutable.h */,
				61BFDA991DE5A8CA00F49F6B /* Document.h */,
				61BFDA9A1DE5A8CA00F49F6B /* DocumentCSS.h */,
				61BFDA9B1DE5A8CA00F49F6B /* DocumentFragment.h */,
				61BFDA9C1DE5A8CA00F49F6B /* DocumentStyle.h */,
				61BFDA9D1DE5A8CA00F49F6B /* DocumentType.h */,
				61BFDA9E1DE5A8CA00F49F6B /* DOMGlobalSettings.h */,
				61BFDA9F1DE5A8CA00F49F6B /* DOMHelperUtilities.h */,
				61BFDAA01DE5A8CA00F49F6B /* Element.h */,
				61BFDAA11DE5A8CA00F49F6B /* EntityReference.h */,
				61BFDAA21DE5A8CA00F49F6B /* MediaList.h */,
				61BFDAA31DE5A8CA00F49F6B /* NamedNodeMap.h */,
				61BFDAA41DE5A8CA00F49F6B /* NamedNodeMap_Iterable.h */,
				61BFDAA51DE5A8CA00F49F6B /* Node+Mutable.h */,
				61BFDAA61DE5A8CA00F49F6B /* Node.h */,
				61BFDAA71DE5A8CA00F49F6B /* NodeList+Mutable.h */,
				61BFDAA81DE5A8CA00F49F6B /* NodeList.h */,
				61BFDAA91DE5A8CA00F49F6B /* NSCharacterSet+SVGKExtensions.h */,
				61BFDAAA1DE5A8CA00F49F6B /* NSData+NSInputStream.h */,
				61BFDAAB1DE5A8CA00F49F6B /* ProcessingInstruction.h */,
				61BFDAAC1DE5A8CB00F49F6B /* StyleSheet.h */,
				61BFDAAD1DE5A8CB00F49F6B /* StyleSheetList+Mutable.h */,
				61BFDAAE1DE5A8CB00F49F6B /* StyleSheetList.h */,
				61BFDAAF1DE5A8CB00F49F6B /* SVGAngle.h */,
				61BFDAB01DE5A8CB00F49F6B /* SVGAnimatedPreserveAspectRatio.h */,
				61BFDAB11DE5A8CB00F49F6B /* SVGCircleElement.h */,
				61BFDAB21DE5A8CB00F49F6B /* SVGClipPathElement.h */,
				61BFDAB31DE5A8CB00F49F6B /* SVGDefsElement.h */,
				61BFDAB41DE5A8CB00F49F6B /* SVGDescriptionElement.h */,
				61BFDAB51DE5A8CB00F49F6B /* SVGDocument.h */,
				61BFDAB61DE5A8CB00F49F6B /* SVGDocument_Mutable.h */,
				61BFDAB71DE5A8CB00F49F6B /* SVGElement.h */,
				61BFDAB81DE5A8CB00F49F6B /* SVGElement_ForParser.h */,
				61BFDAB91DE5A8CB00F49F6B /* SVGElementInstance.h */,
				61BFDABA1DE5A8CB00F49F6B /* SVGElementInstance_Mutable.h */,
				61BFDABB1DE5A8CB00F49F6B /* SVGElementInstanceList.h */,
				61BFDABC1DE5A8CB00F49F6B /* SVGElementInstanceList_Internal.h */,
				61BFDABD1DE5A8CB00F49F6B /* SVGEllipseElement.h */,
				61BFDABE1DE5A8CB00F49F6B /* SVGFitToViewBox.h */,
				61BFDABF1DE5A8CB00F49F6B /* SVGGElement.h */,
				61BFDAC01DE5A8CB00F49F6B /* SVGGradientElement.h */,
				61BFDAC11DE5A8CB00F49F6B /* SVGGradientLayer.h */,
				61BFDAC21DE5A8CB00F49F6B /* SVGGradientStop.h */,
				61BFDAC31DE5A8CB00F49F6B /* SVGGroupElement.h */,
				61BFDAC41DE5A8CB00F49F6B /* SVGHelperUtilities.h */,
				61BFDAC51DE5A8CB00F49F6B /* SVGImageElement.h */,
				61BFDAC61DE5A8CB00F49F6B /* SVGKExporterNSData.h */,
				61BFDAC71DE5A8CB00F49F6B /* SVGKExporterUIImage.h */,
				61BFDAC81DE5A8CB00F49F6B /* SVGKFastImageView.h */,
				61BFDAC91DE5A8CB00F49F6B /* SVGKImage+CGContext.h */,
				61BFDACA1DE5A8CB00F49F6B /* SVGKImage.h */,
				61BFDACB1DE5A8CB00F49F6B /* SVGKImageView.h */,
				61BFDACC1DE5A8CB00F49F6B /* SVGKit.h */,
				61BFDACD1DE5A8CB00F49F6B /* SVGKLayer.h */,
				61BFDACE1DE5A8CB00F49F6B /* SVGKLayeredImageView.h */,
				61BFDACF1DE5A8CB00F49F6B /* SVGKParser.h */,
				61BFDAD01DE5A8CB00F49F6B /* SVGKParserDefsAndUse.h */,
				61BFDAD11DE5A8CB00F49F6B /* SVGKParserDOM.h */,
				61BFDAD21DE5A8CB00F49F6B /* SVGKParseResult.h */,
				61BFDAD31DE5A8CB00F49F6B /* SVGKParserExtension.h */,
				61BFDAD41DE5A8CB00F49F6B /* SVGKParserGradient.h */,
				61BFDAD51DE5A8CB00F49F6B /* SVGKParserPatternsAndGradients.h */,
				61BFDAD61DE5A8CB00F49F6B /* SVGKParserStyles.h */,
				61BFDAD71DE5A8CB00F49F6B /* SVGKParserSVG.h */,
				61BFDAD81DE5A8CB00F49F6B /* SVGKPattern.h */,
				61BFDAD91DE5A8CB00F49F6B /* SVGKPointsAndPathsParser.h */,
				61BFDADA1DE5A8CB00F49F6B /* SVGKSource.h */,
				61BFDADB1DE5A8CB00F49F6B /* SVGKSourceLocalFile.h */,
				61BFDADC1DE5A8CB00F49F6B /* SVGKSourceNSData.h */,
				61BFDADD1DE5A8CB00F49F6B /* SVGKSourceString.h */,
				61BFDADE1DE5A8CB00F49F6B /* SVGKSourceURL.h */,
				61BFDADF1DE5A8CB00F49F6B /* SVGLength.h */,
				61BFDAE01DE5A8CB00F49F6B /* SVGLineElement.h */,
				61BFDAE11DE5A8CB00F49F6B /* SVGMatrix.h */,
				61BFDAE21DE5A8CB00F49F6B /* SVGNumber.h */,
				61BFDAE31DE5A8CB00F49F6B /* SVGPathElement.h */,
				61BFDAE41DE5A8CB00F49F6B /* SVGPoint.h */,
				61BFDAE51DE5A8CB00F49F6B /* SVGPolygonElement.h */,
				61BFDAE61DE5A8CB00F49F6B /* SVGPolylineElement.h */,
				61BFDAE71DE5A8CB00F49F6B /* SVGPreserveAspectRatio.h */,
				61BFDAE81DE5A8CB00F49F6B /* SVGRect.h */,
				61BFDAE91DE5A8CB00F49F6B /* SVGRectElement.h */,
				61BFDAEA1DE5A8CB00F49F6B /* SVGStylable.h */,
				61BFDAEB1DE5A8CB00F49F6B /* SVGStyleCatcher.h */,
				61BFDAEC1DE5A8CB00F49F6B /* SVGStyleElement.h */,
				61BFDAED1DE5A8CB00F49F6B /* SVGSVGElement.h */,
				61BFDAEE1DE5A8CB00F49F6B /* SVGSVGElement_Mutable.h */,
				61BFDAEF1DE5A8CB00F49F6B /* SVGSwitchElement.h */,
				61BFDAF01DE5A8CB00F49F6B /* SVGTextContentElement.h */,
				61BFDAF11DE5A8CB00F49F6B /* SVGTextElement.h */,
				61BFDAF21DE5A8CB00F49F6B /* SVGTextPositioningElement.h */,
				61BFDAF31DE5A8CB00F49F6B /* SVGTextPositioningElement_Mutable.h */,
				61BFDAF41DE5A8CB00F49F6B /* SVGTitleElement.h */,
				61BFDAF51DE5A8CB00F49F6B /* SVGTransform.h */,
				61BFDAF61DE5A8CB00F49F6B /* SVGTransformable.h */,
				61BFDAF71DE5A8CB00F49F6B /* SVGUnitTypes.h */,
				61BFDAF81DE5A8CB00F49F6B /* SVGUseElement.h */,
				61BFDAF91DE5A8CB00F49F6B /* SVGUseElement_Mutable.h */,
				61BFDAFA1DE5A8CB00F49F6B /* SVGUtils.h */,
				61BFDAFB1DE5A8CB00F49F6B /* SVGViewSpec.h */,
				61BFDAFC1DE5A8CB00F49F6B /* Text.h */,
				61BFDAFD1DE5A8CB00F49F6B /* TinySVGTextAreaElement.h */,
			);
			path = include;
			sourceTree = "<group>";
		};
/* End PBXGroup section */

/* Begin PBXNativeTarget section */
		6156653B1DE322D60050AE5A /* Traver */ = {
			isa = PBXNativeTarget;
			buildConfigurationList = 615665661DE322D70050AE5A /* Build configuration list for PBXNativeTarget "Traver" */;
			buildPhases = (
				615665381DE322D60050AE5A /* Sources */,
				615665391DE322D60050AE5A /* Frameworks */,
				6156653A1DE322D60050AE5A /* Resources */,
				615665841DE323680050AE5A /* Embed Frameworks */,
			);
			buildRules = (
			);
			dependencies = (
			);
			name = Traver;
			productName = Traver;
			productReference = 6156653C1DE322D60050AE5A /* Traver.app */;
			productType = "com.apple.product-type.application";
		};
		615665511DE322D70050AE5A /* TraverTests */ = {
			isa = PBXNativeTarget;
			buildConfigurationList = 615665691DE322D70050AE5A /* Build configuration list for PBXNativeTarget "TraverTests" */;
			buildPhases = (
				6156654E1DE322D70050AE5A /* Sources */,
				6156654F1DE322D70050AE5A /* Frameworks */,
				615665501DE322D70050AE5A /* Resources */,
			);
			buildRules = (
			);
			dependencies = (
				615665541DE322D70050AE5A /* PBXTargetDependency */,
			);
			name = TraverTests;
			productName = TraverTests;
			productReference = 615665521DE322D70050AE5A /* TraverTests.xctest */;
			productType = "com.apple.product-type.bundle.unit-test";
		};
		6156655C1DE322D70050AE5A /* TraverUITests */ = {
			isa = PBXNativeTarget;
			buildConfigurationList = 6156656C1DE322D70050AE5A /* Build configuration list for PBXNativeTarget "TraverUITests" */;
			buildPhases = (
				615665591DE322D70050AE5A /* Sources */,
				6156655A1DE322D70050AE5A /* Frameworks */,
				6156655B1DE322D70050AE5A /* Resources */,
			);
			buildRules = (
			);
			dependencies = (
				6156655F1DE322D70050AE5A /* PBXTargetDependency */,
			);
			name = TraverUITests;
			productName = TraverUITests;
			productReference = 6156655D1DE322D70050AE5A /* TraverUITests.xctest */;
			productType = "com.apple.product-type.bundle.ui-testing";
		};
/* End PBXNativeTarget section */

/* Begin PBXProject section */
		615665341DE322D60050AE5A /* Project object */ = {
			isa = PBXProject;
			attributes = {
				LastSwiftUpdateCheck = 0810;
				LastUpgradeCheck = 0810;
				ORGANIZATIONNAME = "Natalia Nikitina";
				TargetAttributes = {
					6156653B1DE322D60050AE5A = {
						CreatedOnToolsVersion = 8.1;
						DevelopmentTeam = 5H72FC97K4;
						LastSwiftMigration = 0810;
						ProvisioningStyle = Automatic;
					};
					615665511DE322D70050AE5A = {
						CreatedOnToolsVersion = 8.1;
						ProvisioningStyle = Automatic;
						TestTargetID = 6156653B1DE322D60050AE5A;
					};
					6156655C1DE322D70050AE5A = {
						CreatedOnToolsVersion = 8.1;
						ProvisioningStyle = Automatic;
						TestTargetID = 6156653B1DE322D60050AE5A;
					};
				};
			};
			buildConfigurationList = 615665371DE322D60050AE5A /* Build configuration list for PBXProject "Traver" */;
			compatibilityVersion = "Xcode 3.2";
			developmentRegion = English;
			hasScannedForEncodings = 0;
			knownRegions = (
				en,
				Base,
			);
			mainGroup = 615665331DE322D60050AE5A;
			productRefGroup = 6156653D1DE322D60050AE5A /* Products */;
			projectDirPath = "";
			projectRoot = "";
			targets = (
				6156653B1DE322D60050AE5A /* Traver */,
				615665511DE322D70050AE5A /* TraverTests */,
				6156655C1DE322D70050AE5A /* TraverUITests */,
			);
		};
/* End PBXProject section */

/* Begin PBXResourcesBuildPhase section */
		6156653A1DE322D60050AE5A /* Resources */ = {
			isa = PBXResourcesBuildPhase;
			buildActionMask = 2147483647;
			files = (
				615BAD161DE3A05D00D1478D /* WorldMap.svg in Resources */,
				6156654C1DE322D70050AE5A /* LaunchScreen.storyboard in Resources */,
				615665491DE322D70050AE5A /* Assets.xcassets in Resources */,
				616E64A11DE6223300680D4F /* Info.plist in Resources */,
				615665471DE322D70050AE5A /* Main.storyboard in Resources */,
			);
			runOnlyForDeploymentPostprocessing = 0;
		};
		615665501DE322D70050AE5A /* Resources */ = {
			isa = PBXResourcesBuildPhase;
			buildActionMask = 2147483647;
			files = (
			);
			runOnlyForDeploymentPostprocessing = 0;
		};
		6156655B1DE322D70050AE5A /* Resources */ = {
			isa = PBXResourcesBuildPhase;
			buildActionMask = 2147483647;
			files = (
			);
			runOnlyForDeploymentPostprocessing = 0;
		};
/* End PBXResourcesBuildPhase section */

/* Begin PBXSourcesBuildPhase section */
		615665381DE322D60050AE5A /* Sources */ = {
			isa = PBXSourcesBuildPhase;
			buildActionMask = 2147483647;
			files = (
				612BF64E1DE5F9FE0092D43F /* Array+RemoveObject.swift in Sources */,
				615BAD611DE4D40E00D1478D /* VisitedCountryItemCell.swift in Sources */,
				615665861DE3846B0050AE5A /* ProfileViewController.swift in Sources */,
				612BF6411DE5E04E0092D43F /* CountriesViewController.swift in Sources */,
				615665881DE384830050AE5A /* RecommendationsViewController.swift in Sources */,
				615BAD5F1DE4CF9500D1478D /* User.swift in Sources */,
				615665401DE322D70050AE5A /* AppDelegate.swift in Sources */,
				612BF6491DE5E2880092D43F /* CountryItemCell.swift in Sources */,
				615BAD5C1DE4C13000D1478D /* Countries.swift in Sources */,
				612F287F1DE74D9E0057E20B /* Dictionary+InverseKeysValues.swift in Sources */,
				612F28811DE77CFB0057E20B /* Regions.swift in Sources */,
				6156658A1DE384920050AE5A /* SettingsViewController.swift in Sources */,
			);
			runOnlyForDeploymentPostprocessing = 0;
		};
		6156654E1DE322D70050AE5A /* Sources */ = {
			isa = PBXSourcesBuildPhase;
			buildActionMask = 2147483647;
			files = (
				615665571DE322D70050AE5A /* TraverTests.swift in Sources */,
			);
			runOnlyForDeploymentPostprocessing = 0;
		};
		615665591DE322D70050AE5A /* Sources */ = {
			isa = PBXSourcesBuildPhase;
			buildActionMask = 2147483647;
			files = (
				615665621DE322D70050AE5A /* TraverUITests.swift in Sources */,
			);
			runOnlyForDeploymentPostprocessing = 0;
		};
/* End PBXSourcesBuildPhase section */

/* Begin PBXTargetDependency section */
		615665541DE322D70050AE5A /* PBXTargetDependency */ = {
			isa = PBXTargetDependency;
			target = 6156653B1DE322D60050AE5A /* Traver */;
			targetProxy = 615665531DE322D70050AE5A /* PBXContainerItemProxy */;
		};
		6156655F1DE322D70050AE5A /* PBXTargetDependency */ = {
			isa = PBXTargetDependency;
			target = 6156653B1DE322D60050AE5A /* Traver */;
			targetProxy = 6156655E1DE322D70050AE5A /* PBXContainerItemProxy */;
		};
/* End PBXTargetDependency section */

/* Begin PBXVariantGroup section */
		615665451DE322D70050AE5A /* Main.storyboard */ = {
			isa = PBXVariantGroup;
			children = (
				615665461DE322D70050AE5A /* Base */,
			);
			name = Main.storyboard;
			sourceTree = "<group>";
		};
		6156654A1DE322D70050AE5A /* LaunchScreen.storyboard */ = {
			isa = PBXVariantGroup;
			children = (
				6156654B1DE322D70050AE5A /* Base */,
			);
			name = LaunchScreen.storyboard;
			sourceTree = "<group>";
		};
/* End PBXVariantGroup section */

/* Begin XCBuildConfiguration section */
		615665641DE322D70050AE5A /* Debug */ = {
			isa = XCBuildConfiguration;
			buildSettings = {
				ALWAYS_SEARCH_USER_PATHS = NO;
				CLANG_ANALYZER_NONNULL = YES;
				CLANG_CXX_LANGUAGE_STANDARD = "gnu++0x";
				CLANG_CXX_LIBRARY = "libc++";
				CLANG_ENABLE_MODULES = YES;
				CLANG_ENABLE_OBJC_ARC = YES;
				CLANG_WARN_BOOL_CONVERSION = YES;
				CLANG_WARN_CONSTANT_CONVERSION = YES;
				CLANG_WARN_DIRECT_OBJC_ISA_USAGE = YES_ERROR;
				CLANG_WARN_DOCUMENTATION_COMMENTS = YES;
				CLANG_WARN_EMPTY_BODY = YES;
				CLANG_WARN_ENUM_CONVERSION = YES;
				CLANG_WARN_INFINITE_RECURSION = YES;
				CLANG_WARN_INT_CONVERSION = YES;
				CLANG_WARN_OBJC_ROOT_CLASS = YES_ERROR;
				CLANG_WARN_SUSPICIOUS_MOVES = YES;
				CLANG_WARN_UNREACHABLE_CODE = YES;
				CLANG_WARN__DUPLICATE_METHOD_MATCH = YES;
				"CODE_SIGN_IDENTITY[sdk=iphoneos*]" = "iPhone Developer";
				COPY_PHASE_STRIP = NO;
				DEBUG_INFORMATION_FORMAT = dwarf;
				ENABLE_STRICT_OBJC_MSGSEND = YES;
				ENABLE_TESTABILITY = YES;
				GCC_C_LANGUAGE_STANDARD = gnu99;
				GCC_DYNAMIC_NO_PIC = NO;
				GCC_NO_COMMON_BLOCKS = YES;
				GCC_OPTIMIZATION_LEVEL = 0;
				GCC_PREPROCESSOR_DEFINITIONS = (
					"DEBUG=1",
					"$(inherited)",
				);
				GCC_VERSION = "";
				GCC_WARN_64_TO_32_BIT_CONVERSION = YES;
				GCC_WARN_ABOUT_RETURN_TYPE = YES_ERROR;
				GCC_WARN_UNDECLARED_SELECTOR = YES;
				GCC_WARN_UNINITIALIZED_AUTOS = YES_AGGRESSIVE;
				GCC_WARN_UNUSED_FUNCTION = YES;
				GCC_WARN_UNUSED_VARIABLE = YES;
				IPHONEOS_DEPLOYMENT_TARGET = 9.0;
				MTL_ENABLE_DEBUG_INFO = YES;
				ONLY_ACTIVE_ARCH = YES;
				OTHER_LDFLAGS = "-ObjC";
				SDKROOT = iphoneos;
				SWIFT_ACTIVE_COMPILATION_CONDITIONS = DEBUG;
				SWIFT_OPTIMIZATION_LEVEL = "-Onone";
				TARGETED_DEVICE_FAMILY = "1,2";
				VALID_ARCHS = "arm64 armv7 armv7s";
			};
			name = Debug;
		};
		615665651DE322D70050AE5A /* Release */ = {
			isa = XCBuildConfiguration;
			buildSettings = {
				ALWAYS_SEARCH_USER_PATHS = NO;
				CLANG_ANALYZER_NONNULL = YES;
				CLANG_CXX_LANGUAGE_STANDARD = "gnu++0x";
				CLANG_CXX_LIBRARY = "libc++";
				CLANG_ENABLE_MODULES = YES;
				CLANG_ENABLE_OBJC_ARC = YES;
				CLANG_WARN_BOOL_CONVERSION = YES;
				CLANG_WARN_CONSTANT_CONVERSION = YES;
				CLANG_WARN_DIRECT_OBJC_ISA_USAGE = YES_ERROR;
				CLANG_WARN_DOCUMENTATION_COMMENTS = YES;
				CLANG_WARN_EMPTY_BODY = YES;
				CLANG_WARN_ENUM_CONVERSION = YES;
				CLANG_WARN_INFINITE_RECURSION = YES;
				CLANG_WARN_INT_CONVERSION = YES;
				CLANG_WARN_OBJC_ROOT_CLASS = YES_ERROR;
				CLANG_WARN_SUSPICIOUS_MOVES = YES;
				CLANG_WARN_UNREACHABLE_CODE = YES;
				CLANG_WARN__DUPLICATE_METHOD_MATCH = YES;
				"CODE_SIGN_IDENTITY[sdk=iphoneos*]" = "iPhone Developer";
				COPY_PHASE_STRIP = NO;
				DEBUG_INFORMATION_FORMAT = "dwarf-with-dsym";
				ENABLE_NS_ASSERTIONS = NO;
				ENABLE_STRICT_OBJC_MSGSEND = YES;
				GCC_C_LANGUAGE_STANDARD = gnu99;
				GCC_NO_COMMON_BLOCKS = YES;
				GCC_VERSION = "";
				GCC_WARN_64_TO_32_BIT_CONVERSION = YES;
				GCC_WARN_ABOUT_RETURN_TYPE = YES_ERROR;
				GCC_WARN_UNDECLARED_SELECTOR = YES;
				GCC_WARN_UNINITIALIZED_AUTOS = YES_AGGRESSIVE;
				GCC_WARN_UNUSED_FUNCTION = YES;
				GCC_WARN_UNUSED_VARIABLE = YES;
				IPHONEOS_DEPLOYMENT_TARGET = 9.0;
				MTL_ENABLE_DEBUG_INFO = NO;
				ONLY_ACTIVE_ARCH = YES;
				OTHER_LDFLAGS = "-ObjC";
				SDKROOT = iphoneos;
				SWIFT_OPTIMIZATION_LEVEL = "-Owholemodule";
				TARGETED_DEVICE_FAMILY = "1,2";
				VALIDATE_PRODUCT = YES;
				VALID_ARCHS = "arm64 armv7 armv7s";
			};
			name = Release;
		};
		615665671DE322D70050AE5A /* Debug */ = {
			isa = XCBuildConfiguration;
			buildSettings = {
				ARCHS = "$(ARCHS_STANDARD)";
				ASSETCATALOG_COMPILER_APPICON_NAME = AppIcon;
				CLANG_ENABLE_MODULES = YES;
				DEVELOPMENT_TEAM = 5H72FC97K4;
				FRAMEWORK_SEARCH_PATHS = (
					"$(inherited)",
					"$(PROJECT_DIR)",
				);
				GCC_VERSION = "";
				INFOPLIST_FILE = Traver/Info.plist;
				LD_RUNPATH_SEARCH_PATHS = "$(inherited) @executable_path/Frameworks";
				LIBRARY_SEARCH_PATHS = (
					"$(inherited)",
					"$(PROJECT_DIR)",
					"$(PROJECT_DIR)/usr",
				);
				ONLY_ACTIVE_ARCH = YES;
				PRODUCT_BUNDLE_IDENTIFIER = agerstown.Traver;
				PRODUCT_NAME = "$(TARGET_NAME)";
				SWIFT_OBJC_BRIDGING_HEADER = "Traver/Main/Traver-Bridging-Header.h";
				SWIFT_OPTIMIZATION_LEVEL = "-Onone";
				SWIFT_VERSION = 3.0;
				VALID_ARCHS = "arm64 armv7 armv7s";
			};
			name = Debug;
		};
		615665681DE322D70050AE5A /* Release */ = {
			isa = XCBuildConfiguration;
			buildSettings = {
				ARCHS = "$(ARCHS_STANDARD)";
				ASSETCATALOG_COMPILER_APPICON_NAME = AppIcon;
				CLANG_ENABLE_MODULES = YES;
				DEVELOPMENT_TEAM = 5H72FC97K4;
				FRAMEWORK_SEARCH_PATHS = (
					"$(inherited)",
					"$(PROJECT_DIR)",
				);
				GCC_VERSION = "";
				INFOPLIST_FILE = Traver/Info.plist;
				LD_RUNPATH_SEARCH_PATHS = "$(inherited) @executable_path/Frameworks";
				LIBRARY_SEARCH_PATHS = (
					"$(inherited)",
					"$(PROJECT_DIR)",
					"$(PROJECT_DIR)/usr",
				);
				ONLY_ACTIVE_ARCH = YES;
				PRODUCT_BUNDLE_IDENTIFIER = agerstown.Traver;
				PRODUCT_NAME = "$(TARGET_NAME)";
				SWIFT_OBJC_BRIDGING_HEADER = "Traver/Main/Traver-Bridging-Header.h";
				SWIFT_VERSION = 3.0;
				VALID_ARCHS = "arm64 armv7 armv7s";
			};
			name = Release;
		};
		6156656A1DE322D70050AE5A /* Debug */ = {
			isa = XCBuildConfiguration;
			buildSettings = {
				ALWAYS_EMBED_SWIFT_STANDARD_LIBRARIES = YES;
				BUNDLE_LOADER = "$(TEST_HOST)";
				GCC_VERSION = "";
				INFOPLIST_FILE = TraverTests/Info.plist;
				LD_RUNPATH_SEARCH_PATHS = "$(inherited) @executable_path/Frameworks @loader_path/Frameworks";
				PRODUCT_BUNDLE_IDENTIFIER = agerstown.TraverTests;
				PRODUCT_NAME = "$(TARGET_NAME)";
				SWIFT_VERSION = 3.0;
				TEST_HOST = "$(BUILT_PRODUCTS_DIR)/Traver.app/Traver";
			};
			name = Debug;
		};
		6156656B1DE322D70050AE5A /* Release */ = {
			isa = XCBuildConfiguration;
			buildSettings = {
				ALWAYS_EMBED_SWIFT_STANDARD_LIBRARIES = YES;
				BUNDLE_LOADER = "$(TEST_HOST)";
				GCC_VERSION = "";
				INFOPLIST_FILE = TraverTests/Info.plist;
				LD_RUNPATH_SEARCH_PATHS = "$(inherited) @executable_path/Frameworks @loader_path/Frameworks";
				PRODUCT_BUNDLE_IDENTIFIER = agerstown.TraverTests;
				PRODUCT_NAME = "$(TARGET_NAME)";
				SWIFT_VERSION = 3.0;
				TEST_HOST = "$(BUILT_PRODUCTS_DIR)/Traver.app/Traver";
			};
			name = Release;
		};
		6156656D1DE322D70050AE5A /* Debug */ = {
			isa = XCBuildConfiguration;
			buildSettings = {
				ALWAYS_EMBED_SWIFT_STANDARD_LIBRARIES = YES;
				GCC_VERSION = "";
				INFOPLIST_FILE = TraverUITests/Info.plist;
				LD_RUNPATH_SEARCH_PATHS = "$(inherited) @executable_path/Frameworks @loader_path/Frameworks";
				PRODUCT_BUNDLE_IDENTIFIER = agerstown.TraverUITests;
				PRODUCT_NAME = "$(TARGET_NAME)";
				SWIFT_VERSION = 3.0;
				TEST_TARGET_NAME = Traver;
			};
			name = Debug;
		};
		6156656E1DE322D70050AE5A /* Release */ = {
			isa = XCBuildConfiguration;
			buildSettings = {
				ALWAYS_EMBED_SWIFT_STANDARD_LIBRARIES = YES;
				GCC_VERSION = "";
				INFOPLIST_FILE = TraverUITests/Info.plist;
				LD_RUNPATH_SEARCH_PATHS = "$(inherited) @executable_path/Frameworks @loader_path/Frameworks";
				PRODUCT_BUNDLE_IDENTIFIER = agerstown.TraverUITests;
				PRODUCT_NAME = "$(TARGET_NAME)";
				SWIFT_VERSION = 3.0;
				TEST_TARGET_NAME = Traver;
			};
			name = Release;
		};
/* End XCBuildConfiguration section */

/* Begin XCConfigurationList section */
		615665371DE322D60050AE5A /* Build configuration list for PBXProject "Traver" */ = {
			isa = XCConfigurationList;
			buildConfigurations = (
				615665641DE322D70050AE5A /* Debug */,
				615665651DE322D70050AE5A /* Release */,
			);
			defaultConfigurationIsVisible = 0;
			defaultConfigurationName = Release;
		};
		615665661DE322D70050AE5A /* Build configuration list for PBXNativeTarget "Traver" */ = {
			isa = XCConfigurationList;
			buildConfigurations = (
				615665671DE322D70050AE5A /* Debug */,
				615665681DE322D70050AE5A /* Release */,
			);
			defaultConfigurationIsVisible = 0;
			defaultConfigurationName = Release;
		};
		615665691DE322D70050AE5A /* Build configuration list for PBXNativeTarget "TraverTests" */ = {
			isa = XCConfigurationList;
			buildConfigurations = (
				6156656A1DE322D70050AE5A /* Debug */,
				6156656B1DE322D70050AE5A /* Release */,
			);
			defaultConfigurationIsVisible = 0;
			defaultConfigurationName = Release;
		};
		6156656C1DE322D70050AE5A /* Build configuration list for PBXNativeTarget "TraverUITests" */ = {
			isa = XCConfigurationList;
			buildConfigurations = (
				6156656D1DE322D70050AE5A /* Debug */,
				6156656E1DE322D70050AE5A /* Release */,
			);
			defaultConfigurationIsVisible = 0;
			defaultConfigurationName = Release;
		};
/* End XCConfigurationList section */
	};
	rootObject = 615665341DE322D60050AE5A /* Project object */;
}
